// !$*UTF8*$!
{
	archiveVersion = 1;
	classes = {
	};
	objectVersion = 46;
	objects = {

/* Begin PBXBuildFile section */
		480801481B5C217500760566 /* NowViewModel.swift in Sources */ = {isa = PBXBuildFile; fileRef = 480801471B5C217500760566 /* NowViewModel.swift */; };
		4835FA211B4955DA003FCE7F /* Natruc.swift in Sources */ = {isa = PBXBuildFile; fileRef = 4835FA201B4955DA003FCE7F /* Natruc.swift */; };
		4836AFE31B47DFB70012914B /* AppDelegate.swift in Sources */ = {isa = PBXBuildFile; fileRef = 4836AFE21B47DFB70012914B /* AppDelegate.swift */; };
		4836AFE81B47DFB70012914B /* Main.storyboard in Resources */ = {isa = PBXBuildFile; fileRef = 4836AFE61B47DFB70012914B /* Main.storyboard */; };
		4836AFEA1B47DFB70012914B /* Images.xcassets in Resources */ = {isa = PBXBuildFile; fileRef = 4836AFE91B47DFB70012914B /* Images.xcassets */; };
		4836AFED1B47DFB70012914B /* LaunchScreen.xib in Resources */ = {isa = PBXBuildFile; fileRef = 4836AFEB1B47DFB70012914B /* LaunchScreen.xib */; };
		4836B0061B47E0AF0012914B /* Localizable.strings in Resources */ = {isa = PBXBuildFile; fileRef = 4836B0041B47E0AF0012914B /* Localizable.strings */; };
		4836B0081B47E3FC0012914B /* iTunesArtwork@2x in Resources */ = {isa = PBXBuildFile; fileRef = 4836B0071B47E3FC0012914B /* iTunesArtwork@2x */; };
		4836B03B1B47ED6E0012914B /* NowViewController.swift in Sources */ = {isa = PBXBuildFile; fileRef = 4836B03A1B47ED6E0012914B /* NowViewController.swift */; };
		4836B03D1B47ED7F0012914B /* ProgramViewController.swift in Sources */ = {isa = PBXBuildFile; fileRef = 4836B03C1B47ED7F0012914B /* ProgramViewController.swift */; };
		4836B03F1B47ED8E0012914B /* DetailViewController.swift in Sources */ = {isa = PBXBuildFile; fileRef = 4836B03E1B47ED8E0012914B /* DetailViewController.swift */; };
		4836B0411B47ED9A0012914B /* MapViewController.swift in Sources */ = {isa = PBXBuildFile; fileRef = 4836B0401B47ED9A0012914B /* MapViewController.swift */; };
		4836B0431B47EDA70012914B /* InfoViewController.swift in Sources */ = {isa = PBXBuildFile; fileRef = 4836B0421B47EDA70012914B /* InfoViewController.swift */; };
		483CB5651B6C1139008D7332 /* SwiftyJSON.framework in Frameworks */ = {isa = PBXBuildFile; fileRef = 483CB5641B6C1139008D7332 /* SwiftyJSON.framework */; };
		483CB5681B6C126F008D7332 /* SwiftyJSON.framework in Copy Frameworks */ = {isa = PBXBuildFile; fileRef = 483CB5641B6C1139008D7332 /* SwiftyJSON.framework */; settings = {ATTRIBUTES = (CodeSignOnCopy, RemoveHeadersOnCopy, ); }; };
		486092851B5BF71A0032A128 /* Model.swift in Sources */ = {isa = PBXBuildFile; fileRef = 486092841B5BF71A0032A128 /* Model.swift */; };
		487D4B4C1B59B48B00BDBB2B /* Components.swift in Sources */ = {isa = PBXBuildFile; fileRef = 487D4B4B1B59B48B00BDBB2B /* Components.swift */; };
		4885D76E1B601DB600C76DE2 /* Timer.swift in Sources */ = {isa = PBXBuildFile; fileRef = 4885D76D1B601DB600C76DE2 /* Timer.swift */; };
		489458CE1B517B3100105A6B /* bands.json in Resources */ = {isa = PBXBuildFile; fileRef = 489458C51B517B3100105A6B /* bands.json */; };
		489458CF1B517B3100105A6B /* info-mapka-autem.png in Resources */ = {isa = PBXBuildFile; fileRef = 489458C71B517B3100105A6B /* info-mapka-autem.png */; };
		489458D01B517B3100105A6B /* info-mapka-pesi.png in Resources */ = {isa = PBXBuildFile; fileRef = 489458C81B517B3100105A6B /* info-mapka-pesi.png */; };
		489458D31B517B3100105A6B /* info.json in Resources */ = {isa = PBXBuildFile; fileRef = 489458CB1B517B3100105A6B /* info.json */; };
		489458D41B517B3100105A6B /* map.jpg in Resources */ = {isa = PBXBuildFile; fileRef = 489458CC1B517B3100105A6B /* map.jpg */; };
		489458D51B517B3100105A6B /* versions.json in Resources */ = {isa = PBXBuildFile; fileRef = 489458CD1B517B3100105A6B /* versions.json */; };
		489458D81B52D54300105A6B /* InfoViewModel.swift in Sources */ = {isa = PBXBuildFile; fileRef = 489458D71B52D54300105A6B /* InfoViewModel.swift */; };
		489458DA1B52D55E00105A6B /* InfoItem.swift in Sources */ = {isa = PBXBuildFile; fileRef = 489458D91B52D55E00105A6B /* InfoItem.swift */; };
		489776C31B5AECF000D81B50 /* ImageViewController.swift in Sources */ = {isa = PBXBuildFile; fileRef = 489776C21B5AECF000D81B50 /* ImageViewController.swift */; };
		48A50CD91B5454D700586B94 /* ProgramItem.swift in Sources */ = {isa = PBXBuildFile; fileRef = 48A50CD81B5454D700586B94 /* ProgramItem.swift */; };
		48A50CDB1B5454EB00586B94 /* ProgramViewModel.swift in Sources */ = {isa = PBXBuildFile; fileRef = 48A50CDA1B5454EB00586B94 /* ProgramViewModel.swift */; };
		48A50CDD1B54550600586B94 /* ProgramCell.swift in Sources */ = {isa = PBXBuildFile; fileRef = 48A50CDC1B54550600586B94 /* ProgramCell.swift */; };
		48A50CDF1B54551500586B94 /* ProgramStageCell.swift in Sources */ = {isa = PBXBuildFile; fileRef = 48A50CDE1B54551500586B94 /* ProgramStageCell.swift */; };
		48A50CE11B54552200586B94 /* ProgramBandCell.swift in Sources */ = {isa = PBXBuildFile; fileRef = 48A50CE01B54552200586B94 /* ProgramBandCell.swift */; };
		48A54C771B56E6E60016010C /* ProgressView.swift in Sources */ = {isa = PBXBuildFile; fileRef = 48A54C761B56E6E60016010C /* ProgressView.swift */; };
		48DE49781B52E3E3006D958A /* InfoImageCell.swift in Sources */ = {isa = PBXBuildFile; fileRef = 48DE49741B52E3E3006D958A /* InfoImageCell.swift */; };
		48DE49791B52E3E3006D958A /* InfoTextCell.swift in Sources */ = {isa = PBXBuildFile; fileRef = 48DE49751B52E3E3006D958A /* InfoTextCell.swift */; };
		48DE497A1B52E3E3006D958A /* InfoSubtitleCell.swift in Sources */ = {isa = PBXBuildFile; fileRef = 48DE49761B52E3E3006D958A /* InfoSubtitleCell.swift */; };
		48DE497B1B52E3E3006D958A /* InfoTitleCell.swift in Sources */ = {isa = PBXBuildFile; fileRef = 48DE49771B52E3E3006D958A /* InfoTitleCell.swift */; };
		48DE497D1B52E4FB006D958A /* InfoCell.swift in Sources */ = {isa = PBXBuildFile; fileRef = 48DE497C1B52E4FB006D958A /* InfoCell.swift */; };
		48F0AC401B5A33800001424B /* NavigationController.swift in Sources */ = {isa = PBXBuildFile; fileRef = 48F0AC3F1B5A33800001424B /* NavigationController.swift */; };
		C95382F91B59CC370008A4BE /* atmomusic.jpg in Resources */ = {isa = PBXBuildFile; fileRef = C95382DA1B59CC370008A4BE /* atmomusic.jpg */; };
		C95382FA1B59CC370008A4BE /* coversforlovers.jpg in Resources */ = {isa = PBXBuildFile; fileRef = C95382DB1B59CC370008A4BE /* coversforlovers.jpg */; };
		C95382FB1B59CC370008A4BE /* embersbridge.jpg in Resources */ = {isa = PBXBuildFile; fileRef = C95382DC1B59CC370008A4BE /* embersbridge.jpg */; };
		C95382FC1B59CC370008A4BE /* fastfoodorchestra.jpg in Resources */ = {isa = PBXBuildFile; fileRef = C95382DD1B59CC370008A4BE /* fastfoodorchestra.jpg */; };
		C95382FD1B59CC370008A4BE /* hardtoframe.jpg in Resources */ = {isa = PBXBuildFile; fileRef = C95382DE1B59CC370008A4BE /* hardtoframe.jpg */; };
		C95382FE1B59CC370008A4BE /* holdencaulfield.jpg in Resources */ = {isa = PBXBuildFile; fileRef = C95382DF1B59CC370008A4BE /* holdencaulfield.jpg */; };
		C95383011B59CC370008A4BE /* kolinanka.jpg in Resources */ = {isa = PBXBuildFile; fileRef = C95382E21B59CC370008A4BE /* kolinanka.jpg */; };
		C95383021B59CC370008A4BE /* krucipusk.jpg in Resources */ = {isa = PBXBuildFile; fileRef = C95382E31B59CC370008A4BE /* krucipusk.jpg */; };
		C95383031B59CC370008A4BE /* liwid.jpg in Resources */ = {isa = PBXBuildFile; fileRef = C95382E41B59CC370008A4BE /* liwid.jpg */; };
		C95383041B59CC370008A4BE /* lubospospisil.jpg in Resources */ = {isa = PBXBuildFile; fileRef = C95382E51B59CC370008A4BE /* lubospospisil.jpg */; };
		C95383051B59CC370008A4BE /* monkeybusiness.jpg in Resources */ = {isa = PBXBuildFile; fileRef = C95382E61B59CC370008A4BE /* monkeybusiness.jpg */; };
		C95383061B59CC370008A4BE /* monna.jpg in Resources */ = {isa = PBXBuildFile; fileRef = C95382E71B59CC370008A4BE /* monna.jpg */; };
		C95383071B59CC370008A4BE /* nebe.jpg in Resources */ = {isa = PBXBuildFile; fileRef = C95382E81B59CC370008A4BE /* nebe.jpg */; };
		C95383081B59CC370008A4BE /* pekar.jpg in Resources */ = {isa = PBXBuildFile; fileRef = C95382E91B59CC370008A4BE /* pekar.jpg */; };
		C95383091B59CC370008A4BE /* pjryba.jpg in Resources */ = {isa = PBXBuildFile; fileRef = C95382EA1B59CC370008A4BE /* pjryba.jpg */; };
		C953830A1B59CC370008A4BE /* quiet.jpg in Resources */ = {isa = PBXBuildFile; fileRef = C95382EB1B59CC370008A4BE /* quiet.jpg */; };
		C953830B1B59CC370008A4BE /* rockyleon.jpg in Resources */ = {isa = PBXBuildFile; fileRef = C95382EC1B59CC370008A4BE /* rockyleon.jpg */; };
		C953830C1B59CC370008A4BE /* rybicky48.jpg in Resources */ = {isa = PBXBuildFile; fileRef = C95382ED1B59CC370008A4BE /* rybicky48.jpg */; };
		C953830D1B59CC370008A4BE /* skwor.jpg in Resources */ = {isa = PBXBuildFile; fileRef = C95382EE1B59CC370008A4BE /* skwor.jpg */; };
		C953830E1B59CC370008A4BE /* skyline.jpg in Resources */ = {isa = PBXBuildFile; fileRef = C95382EF1B59CC370008A4BE /* skyline.jpg */; };
		C953830F1B59CC370008A4BE /* theparanoid.jpg in Resources */ = {isa = PBXBuildFile; fileRef = C95382F01B59CC370008A4BE /* theparanoid.jpg */; };
		C95383101B59CC370008A4BE /* tribazik.jpg in Resources */ = {isa = PBXBuildFile; fileRef = C95382F11B59CC370008A4BE /* tribazik.jpg */; };
		C95383111B59CC370008A4BE /* udg.jpg in Resources */ = {isa = PBXBuildFile; fileRef = C95382F21B59CC370008A4BE /* udg.jpg */; };
		C95383121B59CC370008A4BE /* visacizamek.jpg in Resources */ = {isa = PBXBuildFile; fileRef = C95382F31B59CC370008A4BE /* visacizamek.jpg */; };
		C95383131B59CC370008A4BE /* vladivojsko.jpg in Resources */ = {isa = PBXBuildFile; fileRef = C95382F41B59CC370008A4BE /* vladivojsko.jpg */; };
		C95383141B59CC370008A4BE /* voxel.jpg in Resources */ = {isa = PBXBuildFile; fileRef = C95382F51B59CC370008A4BE /* voxel.jpg */; };
		C95383151B59CC370008A4BE /* vypsanafixa.jpg in Resources */ = {isa = PBXBuildFile; fileRef = C95382F61B59CC370008A4BE /* vypsanafixa.jpg */; };
		C95383161B59CC370008A4BE /* waf.jpg in Resources */ = {isa = PBXBuildFile; fileRef = C95382F71B59CC370008A4BE /* waf.jpg */; };
		C95383171B59CC370008A4BE /* xindlx.jpg in Resources */ = {isa = PBXBuildFile; fileRef = C95382F81B59CC370008A4BE /* xindlx.jpg */; };
/* End PBXBuildFile section */

/* Begin PBXCopyFilesBuildPhase section */
		483CB5661B6C1171008D7332 /* Copy Frameworks */ = {
			isa = PBXCopyFilesBuildPhase;
			buildActionMask = 2147483647;
			dstPath = "";
			dstSubfolderSpec = 10;
			files = (
				483CB5681B6C126F008D7332 /* SwiftyJSON.framework in Copy Frameworks */,
			);
			name = "Copy Frameworks";
			runOnlyForDeploymentPostprocessing = 0;
		};
/* End PBXCopyFilesBuildPhase section */

/* Begin PBXFileReference section */
		480801471B5C217500760566 /* NowViewModel.swift */ = {isa = PBXFileReference; fileEncoding = 4; lastKnownFileType = sourcecode.swift; path = NowViewModel.swift; sourceTree = "<group>"; };
		4835FA201B4955DA003FCE7F /* Natruc.swift */ = {isa = PBXFileReference; fileEncoding = 4; lastKnownFileType = sourcecode.swift; path = Natruc.swift; sourceTree = "<group>"; };
		4836AFDD1B47DFB70012914B /* natruc.app */ = {isa = PBXFileReference; explicitFileType = wrapper.application; includeInIndex = 0; path = natruc.app; sourceTree = BUILT_PRODUCTS_DIR; };
		4836AFE11B47DFB70012914B /* Info.plist */ = {isa = PBXFileReference; lastKnownFileType = text.plist.xml; path = Info.plist; sourceTree = "<group>"; };
		4836AFE21B47DFB70012914B /* AppDelegate.swift */ = {isa = PBXFileReference; lastKnownFileType = sourcecode.swift; path = AppDelegate.swift; sourceTree = "<group>"; };
		4836AFE71B47DFB70012914B /* Base */ = {isa = PBXFileReference; lastKnownFileType = file.storyboard; name = Base; path = Base.lproj/Main.storyboard; sourceTree = "<group>"; };
		4836AFE91B47DFB70012914B /* Images.xcassets */ = {isa = PBXFileReference; lastKnownFileType = folder.assetcatalog; path = Images.xcassets; sourceTree = "<group>"; };
		4836AFEC1B47DFB70012914B /* Base */ = {isa = PBXFileReference; lastKnownFileType = file.xib; name = Base; path = Base.lproj/LaunchScreen.xib; sourceTree = "<group>"; };
		4836B0021B47E00E0012914B /* cs */ = {isa = PBXFileReference; lastKnownFileType = text.plist.strings; name = cs; path = cs.lproj/Main.strings; sourceTree = "<group>"; };
		4836B0031B47E00E0012914B /* cs */ = {isa = PBXFileReference; lastKnownFileType = text.plist.strings; name = cs; path = cs.lproj/LaunchScreen.strings; sourceTree = "<group>"; };
		4836B0051B47E0AF0012914B /* cs */ = {isa = PBXFileReference; lastKnownFileType = text.plist.strings; name = cs; path = cs.lproj/Localizable.strings; sourceTree = "<group>"; };
		4836B0071B47E3FC0012914B /* iTunesArtwork@2x */ = {isa = PBXFileReference; lastKnownFileType = file; path = "iTunesArtwork@2x"; sourceTree = "<group>"; };
		4836B0391B47EC9B0012914B /* en */ = {isa = PBXFileReference; lastKnownFileType = text.plist.strings; name = en; path = en.lproj/Localizable.strings; sourceTree = "<group>"; };
		4836B03A1B47ED6E0012914B /* NowViewController.swift */ = {isa = PBXFileReference; fileEncoding = 4; lastKnownFileType = sourcecode.swift; path = NowViewController.swift; sourceTree = "<group>"; };
		4836B03C1B47ED7F0012914B /* ProgramViewController.swift */ = {isa = PBXFileReference; fileEncoding = 4; lastKnownFileType = sourcecode.swift; path = ProgramViewController.swift; sourceTree = "<group>"; };
		4836B03E1B47ED8E0012914B /* DetailViewController.swift */ = {isa = PBXFileReference; fileEncoding = 4; lastKnownFileType = sourcecode.swift; path = DetailViewController.swift; sourceTree = "<group>"; };
		4836B0401B47ED9A0012914B /* MapViewController.swift */ = {isa = PBXFileReference; fileEncoding = 4; lastKnownFileType = sourcecode.swift; path = MapViewController.swift; sourceTree = "<group>"; };
		4836B0421B47EDA70012914B /* InfoViewController.swift */ = {isa = PBXFileReference; fileEncoding = 4; lastKnownFileType = sourcecode.swift; path = InfoViewController.swift; sourceTree = "<group>"; };
		483CB5641B6C1139008D7332 /* SwiftyJSON.framework */ = {isa = PBXFileReference; lastKnownFileType = wrapper.framework; path = SwiftyJSON.framework; sourceTree = BUILT_PRODUCTS_DIR; };
		486092841B5BF71A0032A128 /* Model.swift */ = {isa = PBXFileReference; fileEncoding = 4; lastKnownFileType = sourcecode.swift; path = Model.swift; sourceTree = "<group>"; };
		487D4B4B1B59B48B00BDBB2B /* Components.swift */ = {isa = PBXFileReference; fileEncoding = 4; lastKnownFileType = sourcecode.swift; path = Components.swift; sourceTree = "<group>"; };
		4885D76D1B601DB600C76DE2 /* Timer.swift */ = {isa = PBXFileReference; fileEncoding = 4; lastKnownFileType = sourcecode.swift; path = Timer.swift; sourceTree = "<group>"; };
		489458C51B517B3100105A6B /* bands.json */ = {isa = PBXFileReference; fileEncoding = 4; lastKnownFileType = text.json; path = bands.json; sourceTree = "<group>"; };
		489458C71B517B3100105A6B /* info-mapka-autem.png */ = {isa = PBXFileReference; lastKnownFileType = image.png; path = "info-mapka-autem.png"; sourceTree = "<group>"; };
		489458C81B517B3100105A6B /* info-mapka-pesi.png */ = {isa = PBXFileReference; lastKnownFileType = image.png; path = "info-mapka-pesi.png"; sourceTree = "<group>"; };
		489458CB1B517B3100105A6B /* info.json */ = {isa = PBXFileReference; fileEncoding = 4; lastKnownFileType = text.json; path = info.json; sourceTree = "<group>"; };
		489458CC1B517B3100105A6B /* map.jpg */ = {isa = PBXFileReference; lastKnownFileType = image.jpeg; path = map.jpg; sourceTree = "<group>"; };
		489458CD1B517B3100105A6B /* versions.json */ = {isa = PBXFileReference; fileEncoding = 4; lastKnownFileType = text.json; path = versions.json; sourceTree = "<group>"; };
		489458D71B52D54300105A6B /* InfoViewModel.swift */ = {isa = PBXFileReference; fileEncoding = 4; lastKnownFileType = sourcecode.swift; path = InfoViewModel.swift; sourceTree = "<group>"; };
		489458D91B52D55E00105A6B /* InfoItem.swift */ = {isa = PBXFileReference; fileEncoding = 4; lastKnownFileType = sourcecode.swift; path = InfoItem.swift; sourceTree = "<group>"; };
		489776C21B5AECF000D81B50 /* ImageViewController.swift */ = {isa = PBXFileReference; fileEncoding = 4; lastKnownFileType = sourcecode.swift; path = ImageViewController.swift; sourceTree = "<group>"; };
		48A50CD81B5454D700586B94 /* ProgramItem.swift */ = {isa = PBXFileReference; fileEncoding = 4; lastKnownFileType = sourcecode.swift; path = ProgramItem.swift; sourceTree = "<group>"; };
		48A50CDA1B5454EB00586B94 /* ProgramViewModel.swift */ = {isa = PBXFileReference; fileEncoding = 4; lastKnownFileType = sourcecode.swift; path = ProgramViewModel.swift; sourceTree = "<group>"; };
		48A50CDC1B54550600586B94 /* ProgramCell.swift */ = {isa = PBXFileReference; fileEncoding = 4; lastKnownFileType = sourcecode.swift; path = ProgramCell.swift; sourceTree = "<group>"; };
		48A50CDE1B54551500586B94 /* ProgramStageCell.swift */ = {isa = PBXFileReference; fileEncoding = 4; lastKnownFileType = sourcecode.swift; path = ProgramStageCell.swift; sourceTree = "<group>"; };
		48A50CE01B54552200586B94 /* ProgramBandCell.swift */ = {isa = PBXFileReference; fileEncoding = 4; lastKnownFileType = sourcecode.swift; path = ProgramBandCell.swift; sourceTree = "<group>"; };
		48A54C761B56E6E60016010C /* ProgressView.swift */ = {isa = PBXFileReference; fileEncoding = 4; lastKnownFileType = sourcecode.swift; path = ProgressView.swift; sourceTree = "<group>"; };
		48DE49741B52E3E3006D958A /* InfoImageCell.swift */ = {isa = PBXFileReference; fileEncoding = 4; lastKnownFileType = sourcecode.swift; path = InfoImageCell.swift; sourceTree = "<group>"; };
		48DE49751B52E3E3006D958A /* InfoTextCell.swift */ = {isa = PBXFileReference; fileEncoding = 4; lastKnownFileType = sourcecode.swift; path = InfoTextCell.swift; sourceTree = "<group>"; };
		48DE49761B52E3E3006D958A /* InfoSubtitleCell.swift */ = {isa = PBXFileReference; fileEncoding = 4; lastKnownFileType = sourcecode.swift; path = InfoSubtitleCell.swift; sourceTree = "<group>"; };
		48DE49771B52E3E3006D958A /* InfoTitleCell.swift */ = {isa = PBXFileReference; fileEncoding = 4; lastKnownFileType = sourcecode.swift; path = InfoTitleCell.swift; sourceTree = "<group>"; };
		48DE497C1B52E4FB006D958A /* InfoCell.swift */ = {isa = PBXFileReference; fileEncoding = 4; lastKnownFileType = sourcecode.swift; path = InfoCell.swift; sourceTree = "<group>"; };
		48F0AC3F1B5A33800001424B /* NavigationController.swift */ = {isa = PBXFileReference; fileEncoding = 4; lastKnownFileType = sourcecode.swift; path = NavigationController.swift; sourceTree = "<group>"; };
		C95382DA1B59CC370008A4BE /* atmomusic.jpg */ = {isa = PBXFileReference; lastKnownFileType = image.jpeg; path = atmomusic.jpg; sourceTree = "<group>"; };
		C95382DB1B59CC370008A4BE /* coversforlovers.jpg */ = {isa = PBXFileReference; lastKnownFileType = image.jpeg; path = coversforlovers.jpg; sourceTree = "<group>"; };
		C95382DC1B59CC370008A4BE /* embersbridge.jpg */ = {isa = PBXFileReference; lastKnownFileType = image.jpeg; path = embersbridge.jpg; sourceTree = "<group>"; };
		C95382DD1B59CC370008A4BE /* fastfoodorchestra.jpg */ = {isa = PBXFileReference; lastKnownFileType = image.jpeg; path = fastfoodorchestra.jpg; sourceTree = "<group>"; };
		C95382DE1B59CC370008A4BE /* hardtoframe.jpg */ = {isa = PBXFileReference; lastKnownFileType = image.jpeg; path = hardtoframe.jpg; sourceTree = "<group>"; };
		C95382DF1B59CC370008A4BE /* holdencaulfield.jpg */ = {isa = PBXFileReference; lastKnownFileType = image.jpeg; path = holdencaulfield.jpg; sourceTree = "<group>"; };
		C95382E21B59CC370008A4BE /* kolinanka.jpg */ = {isa = PBXFileReference; lastKnownFileType = image.jpeg; path = kolinanka.jpg; sourceTree = "<group>"; };
		C95382E31B59CC370008A4BE /* krucipusk.jpg */ = {isa = PBXFileReference; lastKnownFileType = image.jpeg; path = krucipusk.jpg; sourceTree = "<group>"; };
		C95382E41B59CC370008A4BE /* liwid.jpg */ = {isa = PBXFileReference; lastKnownFileType = image.jpeg; path = liwid.jpg; sourceTree = "<group>"; };
		C95382E51B59CC370008A4BE /* lubospospisil.jpg */ = {isa = PBXFileReference; lastKnownFileType = image.jpeg; path = lubospospisil.jpg; sourceTree = "<group>"; };
		C95382E61B59CC370008A4BE /* monkeybusiness.jpg */ = {isa = PBXFileReference; lastKnownFileType = image.jpeg; path = monkeybusiness.jpg; sourceTree = "<group>"; };
		C95382E71B59CC370008A4BE /* monna.jpg */ = {isa = PBXFileReference; lastKnownFileType = image.jpeg; path = monna.jpg; sourceTree = "<group>"; };
		C95382E81B59CC370008A4BE /* nebe.jpg */ = {isa = PBXFileReference; lastKnownFileType = image.jpeg; path = nebe.jpg; sourceTree = "<group>"; };
		C95382E91B59CC370008A4BE /* pekar.jpg */ = {isa = PBXFileReference; lastKnownFileType = image.jpeg; path = pekar.jpg; sourceTree = "<group>"; };
		C95382EA1B59CC370008A4BE /* pjryba.jpg */ = {isa = PBXFileReference; lastKnownFileType = image.jpeg; path = pjryba.jpg; sourceTree = "<group>"; };
		C95382EB1B59CC370008A4BE /* quiet.jpg */ = {isa = PBXFileReference; lastKnownFileType = image.jpeg; path = quiet.jpg; sourceTree = "<group>"; };
		C95382EC1B59CC370008A4BE /* rockyleon.jpg */ = {isa = PBXFileReference; lastKnownFileType = image.jpeg; path = rockyleon.jpg; sourceTree = "<group>"; };
		C95382ED1B59CC370008A4BE /* rybicky48.jpg */ = {isa = PBXFileReference; lastKnownFileType = image.jpeg; path = rybicky48.jpg; sourceTree = "<group>"; };
		C95382EE1B59CC370008A4BE /* skwor.jpg */ = {isa = PBXFileReference; lastKnownFileType = image.jpeg; path = skwor.jpg; sourceTree = "<group>"; };
		C95382EF1B59CC370008A4BE /* skyline.jpg */ = {isa = PBXFileReference; lastKnownFileType = image.jpeg; path = skyline.jpg; sourceTree = "<group>"; };
		C95382F01B59CC370008A4BE /* theparanoid.jpg */ = {isa = PBXFileReference; lastKnownFileType = image.jpeg; path = theparanoid.jpg; sourceTree = "<group>"; };
		C95382F11B59CC370008A4BE /* tribazik.jpg */ = {isa = PBXFileReference; lastKnownFileType = image.jpeg; path = tribazik.jpg; sourceTree = "<group>"; };
		C95382F21B59CC370008A4BE /* udg.jpg */ = {isa = PBXFileReference; lastKnownFileType = image.jpeg; path = udg.jpg; sourceTree = "<group>"; };
		C95382F31B59CC370008A4BE /* visacizamek.jpg */ = {isa = PBXFileReference; lastKnownFileType = image.jpeg; path = visacizamek.jpg; sourceTree = "<group>"; };
		C95382F41B59CC370008A4BE /* vladivojsko.jpg */ = {isa = PBXFileReference; lastKnownFileType = image.jpeg; path = vladivojsko.jpg; sourceTree = "<group>"; };
		C95382F51B59CC370008A4BE /* voxel.jpg */ = {isa = PBXFileReference; lastKnownFileType = image.jpeg; path = voxel.jpg; sourceTree = "<group>"; };
		C95382F61B59CC370008A4BE /* vypsanafixa.jpg */ = {isa = PBXFileReference; lastKnownFileType = image.jpeg; path = vypsanafixa.jpg; sourceTree = "<group>"; };
		C95382F71B59CC370008A4BE /* waf.jpg */ = {isa = PBXFileReference; lastKnownFileType = image.jpeg; path = waf.jpg; sourceTree = "<group>"; };
		C95382F81B59CC370008A4BE /* xindlx.jpg */ = {isa = PBXFileReference; lastKnownFileType = image.jpeg; path = xindlx.jpg; sourceTree = "<group>"; };
/* End PBXFileReference section */

/* Begin PBXFrameworksBuildPhase section */
		4836AFDA1B47DFB70012914B /* Frameworks */ = {
			isa = PBXFrameworksBuildPhase;
			buildActionMask = 2147483647;
			files = (
				483CB5651B6C1139008D7332 /* SwiftyJSON.framework in Frameworks */,
			);
			runOnlyForDeploymentPostprocessing = 0;
		};
/* End PBXFrameworksBuildPhase section */

/* Begin PBXGroup section */
		4836AFD41B47DFB70012914B = {
			isa = PBXGroup;
			children = (
				4836AFDF1B47DFB70012914B /* natruc */,
				483CB53E1B6C05BD008D7332 /* Frameworks */,
				4836AFDE1B47DFB70012914B /* Products */,
			);
			sourceTree = "<group>";
		};
		4836AFDE1B47DFB70012914B /* Products */ = {
			isa = PBXGroup;
			children = (
				4836AFDD1B47DFB70012914B /* natruc.app */,
			);
			name = Products;
			sourceTree = "<group>";
		};
		4836AFDF1B47DFB70012914B /* natruc */ = {
			isa = PBXGroup;
			children = (
				489458C41B517B3100105A6B /* data */,
				487D4B4B1B59B48B00BDBB2B /* Components.swift */,
				4836AFE21B47DFB70012914B /* AppDelegate.swift */,
				48F0AC3F1B5A33800001424B /* NavigationController.swift */,
				486092841B5BF71A0032A128 /* Model.swift */,
				4885D76D1B601DB600C76DE2 /* Timer.swift */,
				48A50CD71B54545500586B94 /* Program */,
				489776C21B5AECF000D81B50 /* ImageViewController.swift */,
				4836B0401B47ED9A0012914B /* MapViewController.swift */,
				489458D61B52D52500105A6B /* Info */,
				4835FA201B4955DA003FCE7F /* Natruc.swift */,
				4836AFE61B47DFB70012914B /* Main.storyboard */,
				4836AFEB1B47DFB70012914B /* LaunchScreen.xib */,
				4836B0041B47E0AF0012914B /* Localizable.strings */,
				4836AFE91B47DFB70012914B /* Images.xcassets */,
				4836AFE01B47DFB70012914B /* Supporting Files */,
			);
			path = natruc;
			sourceTree = "<group>";
		};
		4836AFE01B47DFB70012914B /* Supporting Files */ = {
			isa = PBXGroup;
			children = (
				4836B0071B47E3FC0012914B /* iTunesArtwork@2x */,
				4836AFE11B47DFB70012914B /* Info.plist */,
			);
			name = "Supporting Files";
			sourceTree = "<group>";
		};
		483CB53E1B6C05BD008D7332 /* Frameworks */ = {
			isa = PBXGroup;
			children = (
				483CB5641B6C1139008D7332 /* SwiftyJSON.framework */,
			);
			name = Frameworks;
			sourceTree = "<group>";
		};
		489458C41B517B3100105A6B /* data */ = {
			isa = PBXGroup;
			children = (
				489458C51B517B3100105A6B /* bands.json */,
				489458C61B517B3100105A6B /* images */,
				489458CB1B517B3100105A6B /* info.json */,
				489458CC1B517B3100105A6B /* map.jpg */,
				489458CD1B517B3100105A6B /* versions.json */,
			);
			path = data;
			sourceTree = SOURCE_ROOT;
		};
		489458C61B517B3100105A6B /* images */ = {
			isa = PBXGroup;
			children = (
				C95382DA1B59CC370008A4BE /* atmomusic.jpg */,
				C95382DB1B59CC370008A4BE /* coversforlovers.jpg */,
				C95382DC1B59CC370008A4BE /* embersbridge.jpg */,
				C95382DD1B59CC370008A4BE /* fastfoodorchestra.jpg */,
				C95382DE1B59CC370008A4BE /* hardtoframe.jpg */,
				C95382DF1B59CC370008A4BE /* holdencaulfield.jpg */,
				C95382E21B59CC370008A4BE /* kolinanka.jpg */,
				C95382E31B59CC370008A4BE /* krucipusk.jpg */,
				C95382E41B59CC370008A4BE /* liwid.jpg */,
				C95382E51B59CC370008A4BE /* lubospospisil.jpg */,
				C95382E61B59CC370008A4BE /* monkeybusiness.jpg */,
				C95382E71B59CC370008A4BE /* monna.jpg */,
				C95382E81B59CC370008A4BE /* nebe.jpg */,
				C95382E91B59CC370008A4BE /* pekar.jpg */,
				C95382EA1B59CC370008A4BE /* pjryba.jpg */,
				C95382EB1B59CC370008A4BE /* quiet.jpg */,
				C95382EC1B59CC370008A4BE /* rockyleon.jpg */,
				C95382ED1B59CC370008A4BE /* rybicky48.jpg */,
				C95382EE1B59CC370008A4BE /* skwor.jpg */,
				C95382EF1B59CC370008A4BE /* skyline.jpg */,
				C95382F01B59CC370008A4BE /* theparanoid.jpg */,
				C95382F11B59CC370008A4BE /* tribazik.jpg */,
				C95382F21B59CC370008A4BE /* udg.jpg */,
				C95382F31B59CC370008A4BE /* visacizamek.jpg */,
				C95382F41B59CC370008A4BE /* vladivojsko.jpg */,
				C95382F51B59CC370008A4BE /* voxel.jpg */,
				C95382F61B59CC370008A4BE /* vypsanafixa.jpg */,
				C95382F71B59CC370008A4BE /* waf.jpg */,
				C95382F81B59CC370008A4BE /* xindlx.jpg */,
				489458C71B517B3100105A6B /* info-mapka-autem.png */,
				489458C81B517B3100105A6B /* info-mapka-pesi.png */,
			);
			path = images;
			sourceTree = "<group>";
		};
		489458D61B52D52500105A6B /* Info */ = {
			isa = PBXGroup;
			children = (
				4836B0421B47EDA70012914B /* InfoViewController.swift */,
				489458D71B52D54300105A6B /* InfoViewModel.swift */,
				489458D91B52D55E00105A6B /* InfoItem.swift */,
				48DE497C1B52E4FB006D958A /* InfoCell.swift */,
				48DE49771B52E3E3006D958A /* InfoTitleCell.swift */,
				48DE49761B52E3E3006D958A /* InfoSubtitleCell.swift */,
				48DE49751B52E3E3006D958A /* InfoTextCell.swift */,
				48DE49741B52E3E3006D958A /* InfoImageCell.swift */,
			);
			name = Info;
			sourceTree = "<group>";
		};
		48A50CD71B54545500586B94 /* Program */ = {
			isa = PBXGroup;
			children = (
				4836B03A1B47ED6E0012914B /* NowViewController.swift */,
				480801471B5C217500760566 /* NowViewModel.swift */,
				4836B03C1B47ED7F0012914B /* ProgramViewController.swift */,
				48A50CDA1B5454EB00586B94 /* ProgramViewModel.swift */,
				4836B03E1B47ED8E0012914B /* DetailViewController.swift */,
				48A50CD81B5454D700586B94 /* ProgramItem.swift */,
				48A50CDC1B54550600586B94 /* ProgramCell.swift */,
				48A50CDE1B54551500586B94 /* ProgramStageCell.swift */,
				48A50CE01B54552200586B94 /* ProgramBandCell.swift */,
				48A54C761B56E6E60016010C /* ProgressView.swift */,
			);
			name = Program;
			sourceTree = "<group>";
		};
/* End PBXGroup section */

/* Begin PBXNativeTarget section */
		4836AFDC1B47DFB70012914B /* natruc */ = {
			isa = PBXNativeTarget;
			buildConfigurationList = 4836AFFC1B47DFB70012914B /* Build configuration list for PBXNativeTarget "natruc" */;
			buildPhases = (
				4836AFD91B47DFB70012914B /* Sources */,
				4836AFDA1B47DFB70012914B /* Frameworks */,
				4836AFDB1B47DFB70012914B /* Resources */,
				483CB5661B6C1171008D7332 /* Copy Frameworks */,
				483CB56A1B6C163B008D7332 /* Swift Lint */,
			);
			buildRules = (
			);
			dependencies = (
			);
			name = natruc;
			productName = natruc;
			productReference = 4836AFDD1B47DFB70012914B /* natruc.app */;
			productType = "com.apple.product-type.application";
		};
/* End PBXNativeTarget section */

/* Begin PBXProject section */
		4836AFD51B47DFB70012914B /* Project object */ = {
			isa = PBXProject;
			attributes = {
				LastSwiftMigration = 0700;
				LastSwiftUpdateCheck = 0700;
				LastUpgradeCheck = 0700;
				ORGANIZATIONNAME = "Jiri Dutkevic";
				TargetAttributes = {
					4836AFDC1B47DFB70012914B = {
						CreatedOnToolsVersion = 6.4;
					};
				};
			};
			buildConfigurationList = 4836AFD81B47DFB70012914B /* Build configuration list for PBXProject "natruc" */;
			compatibilityVersion = "Xcode 3.2";
			developmentRegion = English;
			hasScannedForEncodings = 0;
			knownRegions = (
				Base,
				cs,
				en,
			);
			mainGroup = 4836AFD41B47DFB70012914B;
			productRefGroup = 4836AFDE1B47DFB70012914B /* Products */;
			projectDirPath = "";
			projectRoot = "";
			targets = (
				4836AFDC1B47DFB70012914B /* natruc */,
			);
		};
/* End PBXProject section */

/* Begin PBXResourcesBuildPhase section */
		4836AFDB1B47DFB70012914B /* Resources */ = {
			isa = PBXResourcesBuildPhase;
			buildActionMask = 2147483647;
			files = (
				C95383161B59CC370008A4BE /* waf.jpg in Resources */,
				489458D41B517B3100105A6B /* map.jpg in Resources */,
				C95382FC1B59CC370008A4BE /* fastfoodorchestra.jpg in Resources */,
				C95383151B59CC370008A4BE /* vypsanafixa.jpg in Resources */,
				C95383061B59CC370008A4BE /* monna.jpg in Resources */,
				489458CF1B517B3100105A6B /* info-mapka-autem.png in Resources */,
				C95383081B59CC370008A4BE /* pekar.jpg in Resources */,
				C953830D1B59CC370008A4BE /* skwor.jpg in Resources */,
				C95383091B59CC370008A4BE /* pjryba.jpg in Resources */,
				C95383131B59CC370008A4BE /* vladivojsko.jpg in Resources */,
				C95383111B59CC370008A4BE /* udg.jpg in Resources */,
				C95383141B59CC370008A4BE /* voxel.jpg in Resources */,
				C95383021B59CC370008A4BE /* krucipusk.jpg in Resources */,
				C953830C1B59CC370008A4BE /* rybicky48.jpg in Resources */,
				4836B0081B47E3FC0012914B /* iTunesArtwork@2x in Resources */,
				C95383041B59CC370008A4BE /* lubospospisil.jpg in Resources */,
				489458D31B517B3100105A6B /* info.json in Resources */,
				C953830A1B59CC370008A4BE /* quiet.jpg in Resources */,
				C953830F1B59CC370008A4BE /* theparanoid.jpg in Resources */,
				C95382FD1B59CC370008A4BE /* hardtoframe.jpg in Resources */,
				4836AFE81B47DFB70012914B /* Main.storyboard in Resources */,
				C95383121B59CC370008A4BE /* visacizamek.jpg in Resources */,
				C953830E1B59CC370008A4BE /* skyline.jpg in Resources */,
				4836B0061B47E0AF0012914B /* Localizable.strings in Resources */,
				C953830B1B59CC370008A4BE /* rockyleon.jpg in Resources */,
				489458D51B517B3100105A6B /* versions.json in Resources */,
				C95382FA1B59CC370008A4BE /* coversforlovers.jpg in Resources */,
				C95382FB1B59CC370008A4BE /* embersbridge.jpg in Resources */,
				4836AFED1B47DFB70012914B /* LaunchScreen.xib in Resources */,
				C95383031B59CC370008A4BE /* liwid.jpg in Resources */,
				C95383011B59CC370008A4BE /* kolinanka.jpg in Resources */,
				C95383101B59CC370008A4BE /* tribazik.jpg in Resources */,
				C95382FE1B59CC370008A4BE /* holdencaulfield.jpg in Resources */,
				489458CE1B517B3100105A6B /* bands.json in Resources */,
				C95383051B59CC370008A4BE /* monkeybusiness.jpg in Resources */,
				4836AFEA1B47DFB70012914B /* Images.xcassets in Resources */,
				C95383171B59CC370008A4BE /* xindlx.jpg in Resources */,
				C95383071B59CC370008A4BE /* nebe.jpg in Resources */,
				C95382F91B59CC370008A4BE /* atmomusic.jpg in Resources */,
				489458D01B517B3100105A6B /* info-mapka-pesi.png in Resources */,
			);
			runOnlyForDeploymentPostprocessing = 0;
		};
/* End PBXResourcesBuildPhase section */

/* Begin PBXShellScriptBuildPhase section */
		483CB56A1B6C163B008D7332 /* Swift Lint */ = {
			isa = PBXShellScriptBuildPhase;
			buildActionMask = 2147483647;
			files = (
			);
			inputPaths = (
			);
			name = "Swift Lint";
			outputPaths = (
			);
			runOnlyForDeploymentPostprocessing = 0;
			shellPath = /bin/sh;
			shellScript = "if which swiftlint >/dev/null; then\n    cd natruc && swiftlint\nelse\n    echo \"SwiftLint not installed. Skipping lint.\"\nfi";
		};
/* End PBXShellScriptBuildPhase section */

/* Begin PBXSourcesBuildPhase section */
		4836AFD91B47DFB70012914B /* Sources */ = {
			isa = PBXSourcesBuildPhase;
			buildActionMask = 2147483647;
			files = (
				4836AFE31B47DFB70012914B /* AppDelegate.swift in Sources */,
				4835FA211B4955DA003FCE7F /* Natruc.swift in Sources */,
				48A50CD91B5454D700586B94 /* ProgramItem.swift in Sources */,
				48A50CDD1B54550600586B94 /* ProgramCell.swift in Sources */,
				4836B03B1B47ED6E0012914B /* NowViewController.swift in Sources */,
				4836B03D1B47ED7F0012914B /* ProgramViewController.swift in Sources */,
				489776C31B5AECF000D81B50 /* ImageViewController.swift in Sources */,
				48DE49781B52E3E3006D958A /* InfoImageCell.swift in Sources */,
				48DE497B1B52E3E3006D958A /* InfoTitleCell.swift in Sources */,
				48DE49791B52E3E3006D958A /* InfoTextCell.swift in Sources */,
				489458D81B52D54300105A6B /* InfoViewModel.swift in Sources */,
				48A54C771B56E6E60016010C /* ProgressView.swift in Sources */,
				489458DA1B52D55E00105A6B /* InfoItem.swift in Sources */,
				487D4B4C1B59B48B00BDBB2B /* Components.swift in Sources */,
				48A50CDF1B54551500586B94 /* ProgramStageCell.swift in Sources */,
				486092851B5BF71A0032A128 /* Model.swift in Sources */,
				480801481B5C217500760566 /* NowViewModel.swift in Sources */,
				4885D76E1B601DB600C76DE2 /* Timer.swift in Sources */,
				48F0AC401B5A33800001424B /* NavigationController.swift in Sources */,
				48A50CE11B54552200586B94 /* ProgramBandCell.swift in Sources */,
				48A50CDB1B5454EB00586B94 /* ProgramViewModel.swift in Sources */,
				4836B0411B47ED9A0012914B /* MapViewController.swift in Sources */,
				4836B0431B47EDA70012914B /* InfoViewController.swift in Sources */,
				48DE497A1B52E3E3006D958A /* InfoSubtitleCell.swift in Sources */,
				4836B03F1B47ED8E0012914B /* DetailViewController.swift in Sources */,
				48DE497D1B52E4FB006D958A /* InfoCell.swift in Sources */,
			);
			runOnlyForDeploymentPostprocessing = 0;
		};
/* End PBXSourcesBuildPhase section */

/* Begin PBXVariantGroup section */
		4836AFE61B47DFB70012914B /* Main.storyboard */ = {
			isa = PBXVariantGroup;
			children = (
				4836AFE71B47DFB70012914B /* Base */,
				4836B0021B47E00E0012914B /* cs */,
			);
			name = Main.storyboard;
			sourceTree = "<group>";
		};
		4836AFEB1B47DFB70012914B /* LaunchScreen.xib */ = {
			isa = PBXVariantGroup;
			children = (
				4836AFEC1B47DFB70012914B /* Base */,
				4836B0031B47E00E0012914B /* cs */,
			);
			name = LaunchScreen.xib;
			sourceTree = "<group>";
		};
		4836B0041B47E0AF0012914B /* Localizable.strings */ = {
			isa = PBXVariantGroup;
			children = (
				4836B0051B47E0AF0012914B /* cs */,
				4836B0391B47EC9B0012914B /* en */,
			);
			name = Localizable.strings;
			sourceTree = "<group>";
		};
/* End PBXVariantGroup section */

/* Begin XCBuildConfiguration section */
		4836AFFA1B47DFB70012914B /* Debug */ = {
			isa = XCBuildConfiguration;
			buildSettings = {
				ALWAYS_SEARCH_USER_PATHS = NO;
				CLANG_CXX_LANGUAGE_STANDARD = "gnu++0x";
				CLANG_CXX_LIBRARY = "libc++";
				CLANG_ENABLE_MODULES = YES;
				CLANG_ENABLE_OBJC_ARC = YES;
				CLANG_WARN_BOOL_CONVERSION = YES;
				CLANG_WARN_CONSTANT_CONVERSION = YES;
				CLANG_WARN_DIRECT_OBJC_ISA_USAGE = YES_ERROR;
				CLANG_WARN_EMPTY_BODY = YES;
				CLANG_WARN_ENUM_CONVERSION = YES;
				CLANG_WARN_INT_CONVERSION = YES;
				CLANG_WARN_OBJC_ROOT_CLASS = YES_ERROR;
				CLANG_WARN_UNREACHABLE_CODE = YES;
				CLANG_WARN__DUPLICATE_METHOD_MATCH = YES;
				"CODE_SIGN_IDENTITY[sdk=iphoneos*]" = "iPhone Developer";
				COPY_PHASE_STRIP = NO;
				DEBUG_INFORMATION_FORMAT = "dwarf-with-dsym";
				ENABLE_STRICT_OBJC_MSGSEND = YES;
				ENABLE_TESTABILITY = YES;
				GCC_C_LANGUAGE_STANDARD = gnu99;
				GCC_DYNAMIC_NO_PIC = NO;
				GCC_NO_COMMON_BLOCKS = YES;
				GCC_OPTIMIZATION_LEVEL = 0;
				GCC_PREPROCESSOR_DEFINITIONS = (
					"DEBUG=1",
					"$(inherited)",
				);
				GCC_SYMBOLS_PRIVATE_EXTERN = NO;
				GCC_WARN_64_TO_32_BIT_CONVERSION = YES;
				GCC_WARN_ABOUT_RETURN_TYPE = YES_ERROR;
				GCC_WARN_UNDECLARED_SELECTOR = YES;
				GCC_WARN_UNINITIALIZED_AUTOS = YES_AGGRESSIVE;
				GCC_WARN_UNUSED_FUNCTION = YES;
				GCC_WARN_UNUSED_VARIABLE = YES;
				IPHONEOS_DEPLOYMENT_TARGET = 9.0;
				MTL_ENABLE_DEBUG_INFO = YES;
				ONLY_ACTIVE_ARCH = YES;
				SDKROOT = iphoneos;
				SWIFT_OPTIMIZATION_LEVEL = "-Onone";
			};
			name = Debug;
		};
		4836AFFB1B47DFB70012914B /* Release */ = {
			isa = XCBuildConfiguration;
			buildSettings = {
				ALWAYS_SEARCH_USER_PATHS = NO;
				CLANG_CXX_LANGUAGE_STANDARD = "gnu++0x";
				CLANG_CXX_LIBRARY = "libc++";
				CLANG_ENABLE_MODULES = YES;
				CLANG_ENABLE_OBJC_ARC = YES;
				CLANG_WARN_BOOL_CONVERSION = YES;
				CLANG_WARN_CONSTANT_CONVERSION = YES;
				CLANG_WARN_DIRECT_OBJC_ISA_USAGE = YES_ERROR;
				CLANG_WARN_EMPTY_BODY = YES;
				CLANG_WARN_ENUM_CONVERSION = YES;
				CLANG_WARN_INT_CONVERSION = YES;
				CLANG_WARN_OBJC_ROOT_CLASS = YES_ERROR;
				CLANG_WARN_UNREACHABLE_CODE = YES;
				CLANG_WARN__DUPLICATE_METHOD_MATCH = YES;
				"CODE_SIGN_IDENTITY[sdk=iphoneos*]" = "iPhone Developer";
				COPY_PHASE_STRIP = NO;
				DEBUG_INFORMATION_FORMAT = "dwarf-with-dsym";
				ENABLE_NS_ASSERTIONS = NO;
				ENABLE_STRICT_OBJC_MSGSEND = YES;
				GCC_C_LANGUAGE_STANDARD = gnu99;
				GCC_NO_COMMON_BLOCKS = YES;
				GCC_WARN_64_TO_32_BIT_CONVERSION = YES;
				GCC_WARN_ABOUT_RETURN_TYPE = YES_ERROR;
				GCC_WARN_UNDECLARED_SELECTOR = YES;
				GCC_WARN_UNINITIALIZED_AUTOS = YES_AGGRESSIVE;
				GCC_WARN_UNUSED_FUNCTION = YES;
				GCC_WARN_UNUSED_VARIABLE = YES;
				IPHONEOS_DEPLOYMENT_TARGET = 9.0;
				MTL_ENABLE_DEBUG_INFO = NO;
				SDKROOT = iphoneos;
				VALIDATE_PRODUCT = YES;
			};
			name = Release;
		};
		4836AFFD1B47DFB70012914B /* Debug */ = {
			isa = XCBuildConfiguration;
			buildSettings = {
				ASSETCATALOG_COMPILER_APPICON_NAME = AppIcon;
				INFOPLIST_FILE = natruc/Info.plist;
				LD_RUNPATH_SEARCH_PATHS = "$(inherited) @executable_path/Frameworks";
				PRODUCT_BUNDLE_IDENTIFIER = eu.natruc.iosapp;
				PRODUCT_NAME = "$(TARGET_NAME)";
			};
			name = Debug;
		};
		4836AFFE1B47DFB70012914B /* Release */ = {
			isa = XCBuildConfiguration;
			buildSettings = {
				ASSETCATALOG_COMPILER_APPICON_NAME = AppIcon;
				INFOPLIST_FILE = natruc/Info.plist;
				LD_RUNPATH_SEARCH_PATHS = "$(inherited) @executable_path/Frameworks";
				PRODUCT_BUNDLE_IDENTIFIER = eu.natruc.iosapp;
				PRODUCT_NAME = "$(TARGET_NAME)";
			};
			name = Release;
		};
/* End XCBuildConfiguration section */

/* Begin XCConfigurationList section */
		4836AFD81B47DFB70012914B /* Build configuration list for PBXProject "natruc" */ = {
			isa = XCConfigurationList;
			buildConfigurations = (
				4836AFFA1B47DFB70012914B /* Debug */,
				4836AFFB1B47DFB70012914B /* Release */,
			);
			defaultConfigurationIsVisible = 0;
			defaultConfigurationName = Release;
		};
		4836AFFC1B47DFB70012914B /* Build configuration list for PBXNativeTarget "natruc" */ = {
			isa = XCConfigurationList;
			buildConfigurations = (
				4836AFFD1B47DFB70012914B /* Debug */,
				4836AFFE1B47DFB70012914B /* Release */,
			);
			defaultConfigurationIsVisible = 0;
			defaultConfigurationName = Release;
		};
/* End XCConfigurationList section */
	};
	rootObject = 4836AFD51B47DFB70012914B /* Project object */;
}
