// !$*UTF8*$!
{
	archiveVersion = 1;
	classes = {
	};
	objectVersion = 46;
	objects = {

/* Begin PBXBuildFile section */
		480801481B5C217500760566 /* NowViewModel.swift in Sources */ = {isa = PBXBuildFile; fileRef = 480801471B5C217500760566 /* NowViewModel.swift */; };
		48164B821D4343CC006134CB /* arakain.jpg in Resources */ = {isa = PBXBuildFile; fileRef = 48164B641D4343CC006134CB /* arakain.jpg */; };
		48164B831D4343CC006134CB /* atmomusic.jpg in Resources */ = {isa = PBXBuildFile; fileRef = 48164B651D4343CC006134CB /* atmomusic.jpg */; };
		48164B841D4343CC006134CB /* basoxcrew.jpg in Resources */ = {isa = PBXBuildFile; fileRef = 48164B661D4343CC006134CB /* basoxcrew.jpg */; };
		48164B851D4343CC006134CB /* blankout.jpg in Resources */ = {isa = PBXBuildFile; fileRef = 48164B671D4343CC006134CB /* blankout.jpg */; };
		48164B861D4343CC006134CB /* brutalnijahoda.jpg in Resources */ = {isa = PBXBuildFile; fileRef = 48164B681D4343CC006134CB /* brutalnijahoda.jpg */; };
		48164B871D4343CC006134CB /* chinashopbull.jpg in Resources */ = {isa = PBXBuildFile; fileRef = 48164B691D4343CC006134CB /* chinashopbull.jpg */; };
		48164B881D4343CC006134CB /* danbarta.jpg in Resources */ = {isa = PBXBuildFile; fileRef = 48164B6A1D4343CC006134CB /* danbarta.jpg */; };
		48164B891D4343CC006134CB /* fastfoodorchestra.jpg in Resources */ = {isa = PBXBuildFile; fileRef = 48164B6B1D4343CC006134CB /* fastfoodorchestra.jpg */; };
		48164B8A1D4343CC006134CB /* hardtoframe.jpg in Resources */ = {isa = PBXBuildFile; fileRef = 48164B6C1D4343CC006134CB /* hardtoframe.jpg */; };
		48164B8B1D4343CC006134CB /* hentaicorporation.jpg in Resources */ = {isa = PBXBuildFile; fileRef = 48164B6D1D4343CC006134CB /* hentaicorporation.jpg */; };
		48164B8C1D4343CC006134CB /* insania.jpg in Resources */ = {isa = PBXBuildFile; fileRef = 48164B6E1D4343CC006134CB /* insania.jpg */; };
		48164B8D1D4343CC006134CB /* k25a.jpg in Resources */ = {isa = PBXBuildFile; fileRef = 48164B6F1D4343CC006134CB /* k25a.jpg */; };
		48164B8E1D4343CC006134CB /* killaflaw.jpg in Resources */ = {isa = PBXBuildFile; fileRef = 48164B701D4343CC006134CB /* killaflaw.jpg */; };
		48164B8F1D4343CC006134CB /* kozicky.jpg in Resources */ = {isa = PBXBuildFile; fileRef = 48164B711D4343CC006134CB /* kozicky.jpg */; };
		48164B901D4343CC006134CB /* krasnenovestroje.jpg in Resources */ = {isa = PBXBuildFile; fileRef = 48164B721D4343CC006134CB /* krasnenovestroje.jpg */; };
		48164B911D4343CC006134CB /* mandrage.jpg in Resources */ = {isa = PBXBuildFile; fileRef = 48164B731D4343CC006134CB /* mandrage.jpg */; };
		48164B921D4343CC006134CB /* mangabej.jpg in Resources */ = {isa = PBXBuildFile; fileRef = 48164B741D4343CC006134CB /* mangabej.jpg */; };
		48164B931D4343CC006134CB /* michalmalatny.jpg in Resources */ = {isa = PBXBuildFile; fileRef = 48164B751D4343CC006134CB /* michalmalatny.jpg */; };
		48164B941D4343CC006134CB /* nanosfera.jpg in Resources */ = {isa = PBXBuildFile; fileRef = 48164B761D4343CC006134CB /* nanosfera.jpg */; };
		48164B951D4343CC006134CB /* pekar.jpg in Resources */ = {isa = PBXBuildFile; fileRef = 48164B771D4343CC006134CB /* pekar.jpg */; };
		48164B961D4343CC006134CB /* pipesandpints.jpg in Resources */ = {isa = PBXBuildFile; fileRef = 48164B781D4343CC006134CB /* pipesandpints.jpg */; };
		48164B971D4343CC006134CB /* psh.jpg in Resources */ = {isa = PBXBuildFile; fileRef = 48164B791D4343CC006134CB /* psh.jpg */; };
		48164B981D4343CC006134CB /* rybicky48.jpg in Resources */ = {isa = PBXBuildFile; fileRef = 48164B7A1D4343CC006134CB /* rybicky48.jpg */; };
		48164B991D4343CC006134CB /* sekjsibombonky.jpg in Resources */ = {isa = PBXBuildFile; fileRef = 48164B7B1D4343CC006134CB /* sekjsibombonky.jpg */; };
		48164B9A1D4343CC006134CB /* silentscream.jpg in Resources */ = {isa = PBXBuildFile; fileRef = 48164B7C1D4343CC006134CB /* silentscream.jpg */; };
		48164B9B1D4343CC006134CB /* stripesofglory.jpg in Resources */ = {isa = PBXBuildFile; fileRef = 48164B7D1D4343CC006134CB /* stripesofglory.jpg */; };
		48164B9C1D4343CC006134CB /* tatabojs.jpg in Resources */ = {isa = PBXBuildFile; fileRef = 48164B7E1D4343CC006134CB /* tatabojs.jpg */; };
		48164B9D1D4343CC006134CB /* theagony.jpg in Resources */ = {isa = PBXBuildFile; fileRef = 48164B7F1D4343CC006134CB /* theagony.jpg */; };
		48164B9E1D4343CC006134CB /* vautour.jpg in Resources */ = {isa = PBXBuildFile; fileRef = 48164B801D4343CC006134CB /* vautour.jpg */; };
		48164B9F1D4343CC006134CB /* vladimirmisik.jpg in Resources */ = {isa = PBXBuildFile; fileRef = 48164B811D4343CC006134CB /* vladimirmisik.jpg */; };
		48308DAB1D2D40F000978566 /* SwiftyJSON.framework in Frameworks */ = {isa = PBXBuildFile; fileRef = 48308DAA1D2D40F000978566 /* SwiftyJSON.framework */; };
		48308DAE1D2D40F800978566 /* Nimble.framework in Frameworks */ = {isa = PBXBuildFile; fileRef = 48308DAC1D2D40F800978566 /* Nimble.framework */; };
		48308DAF1D2D40F800978566 /* Quick.framework in Frameworks */ = {isa = PBXBuildFile; fileRef = 48308DAD1D2D40F800978566 /* Quick.framework */; };
		48308DB01D2D40FB00978566 /* SwiftyJSON.framework in Frameworks */ = {isa = PBXBuildFile; fileRef = 48308DAA1D2D40F000978566 /* SwiftyJSON.framework */; };
		48308DB21D2D410A00978566 /* Nimble.framework in Embed Frameworks */ = {isa = PBXBuildFile; fileRef = 48308DAC1D2D40F800978566 /* Nimble.framework */; settings = {ATTRIBUTES = (CodeSignOnCopy, RemoveHeadersOnCopy, ); }; };
		48308DB31D2D410A00978566 /* Quick.framework in Embed Frameworks */ = {isa = PBXBuildFile; fileRef = 48308DAD1D2D40F800978566 /* Quick.framework */; settings = {ATTRIBUTES = (CodeSignOnCopy, RemoveHeadersOnCopy, ); }; };
		48308DB41D2D410A00978566 /* SwiftyJSON.framework in Embed Frameworks */ = {isa = PBXBuildFile; fileRef = 48308DAA1D2D40F000978566 /* SwiftyJSON.framework */; settings = {ATTRIBUTES = (CodeSignOnCopy, RemoveHeadersOnCopy, ); }; };
		4835FA211B4955DA003FCE7F /* Natruc.swift in Sources */ = {isa = PBXBuildFile; fileRef = 4835FA201B4955DA003FCE7F /* Natruc.swift */; };
		4836AFE31B47DFB70012914B /* AppDelegate.swift in Sources */ = {isa = PBXBuildFile; fileRef = 4836AFE21B47DFB70012914B /* AppDelegate.swift */; };
		4836AFE81B47DFB70012914B /* Main.storyboard in Resources */ = {isa = PBXBuildFile; fileRef = 4836AFE61B47DFB70012914B /* Main.storyboard */; };
		4836AFEA1B47DFB70012914B /* Images.xcassets in Resources */ = {isa = PBXBuildFile; fileRef = 4836AFE91B47DFB70012914B /* Images.xcassets */; };
		4836AFED1B47DFB70012914B /* LaunchScreen.xib in Resources */ = {isa = PBXBuildFile; fileRef = 4836AFEB1B47DFB70012914B /* LaunchScreen.xib */; };
		4836B0061B47E0AF0012914B /* Localizable.strings in Resources */ = {isa = PBXBuildFile; fileRef = 4836B0041B47E0AF0012914B /* Localizable.strings */; };
		4836B0081B47E3FC0012914B /* iTunesArtwork@2x in Resources */ = {isa = PBXBuildFile; fileRef = 4836B0071B47E3FC0012914B /* iTunesArtwork@2x */; };
		4836B03B1B47ED6E0012914B /* NowViewController.swift in Sources */ = {isa = PBXBuildFile; fileRef = 4836B03A1B47ED6E0012914B /* NowViewController.swift */; };
		4836B03D1B47ED7F0012914B /* ProgramViewController.swift in Sources */ = {isa = PBXBuildFile; fileRef = 4836B03C1B47ED7F0012914B /* ProgramViewController.swift */; };
		4836B03F1B47ED8E0012914B /* DetailViewController.swift in Sources */ = {isa = PBXBuildFile; fileRef = 4836B03E1B47ED8E0012914B /* DetailViewController.swift */; };
		4836B0411B47ED9A0012914B /* MapViewController.swift in Sources */ = {isa = PBXBuildFile; fileRef = 4836B0401B47ED9A0012914B /* MapViewController.swift */; };
		4836B0431B47EDA70012914B /* InfoViewController.swift in Sources */ = {isa = PBXBuildFile; fileRef = 4836B0421B47EDA70012914B /* InfoViewController.swift */; };
		485C2EA11D44FD5000BA8EEC /* Resource.swift in Sources */ = {isa = PBXBuildFile; fileRef = 485C2EA01D44FD5000BA8EEC /* Resource.swift */; };
		486092851B5BF71A0032A128 /* Model.swift in Sources */ = {isa = PBXBuildFile; fileRef = 486092841B5BF71A0032A128 /* Model.swift */; };
		487D4B4C1B59B48B00BDBB2B /* Components.swift in Sources */ = {isa = PBXBuildFile; fileRef = 487D4B4B1B59B48B00BDBB2B /* Components.swift */; };
		4885D76E1B601DB600C76DE2 /* Timer.swift in Sources */ = {isa = PBXBuildFile; fileRef = 4885D76D1B601DB600C76DE2 /* Timer.swift */; };
		489458CE1B517B3100105A6B /* bands.json in Resources */ = {isa = PBXBuildFile; fileRef = 489458C51B517B3100105A6B /* bands.json */; };
		489458CF1B517B3100105A6B /* info-mapka-autem.png in Resources */ = {isa = PBXBuildFile; fileRef = 489458C71B517B3100105A6B /* info-mapka-autem.png */; };
		489458D01B517B3100105A6B /* info-mapka-pesi.png in Resources */ = {isa = PBXBuildFile; fileRef = 489458C81B517B3100105A6B /* info-mapka-pesi.png */; };
		489458D31B517B3100105A6B /* info.json in Resources */ = {isa = PBXBuildFile; fileRef = 489458CB1B517B3100105A6B /* info.json */; };
		489458D41B517B3100105A6B /* map.jpg in Resources */ = {isa = PBXBuildFile; fileRef = 489458CC1B517B3100105A6B /* map.jpg */; };
		489458D51B517B3100105A6B /* versions.json in Resources */ = {isa = PBXBuildFile; fileRef = 489458CD1B517B3100105A6B /* versions.json */; };
		489458D81B52D54300105A6B /* InfoViewModel.swift in Sources */ = {isa = PBXBuildFile; fileRef = 489458D71B52D54300105A6B /* InfoViewModel.swift */; };
		489458DA1B52D55E00105A6B /* InfoItem.swift in Sources */ = {isa = PBXBuildFile; fileRef = 489458D91B52D55E00105A6B /* InfoItem.swift */; };
		489776C31B5AECF000D81B50 /* ImageViewController.swift in Sources */ = {isa = PBXBuildFile; fileRef = 489776C21B5AECF000D81B50 /* ImageViewController.swift */; };
		48A50CD91B5454D700586B94 /* ProgramItem.swift in Sources */ = {isa = PBXBuildFile; fileRef = 48A50CD81B5454D700586B94 /* ProgramItem.swift */; };
		48A50CDB1B5454EB00586B94 /* ProgramViewModel.swift in Sources */ = {isa = PBXBuildFile; fileRef = 48A50CDA1B5454EB00586B94 /* ProgramViewModel.swift */; };
		48A50CDD1B54550600586B94 /* ProgramCell.swift in Sources */ = {isa = PBXBuildFile; fileRef = 48A50CDC1B54550600586B94 /* ProgramCell.swift */; };
		48A50CDF1B54551500586B94 /* ProgramStageCell.swift in Sources */ = {isa = PBXBuildFile; fileRef = 48A50CDE1B54551500586B94 /* ProgramStageCell.swift */; };
		48A50CE11B54552200586B94 /* ProgramBandCell.swift in Sources */ = {isa = PBXBuildFile; fileRef = 48A50CE01B54552200586B94 /* ProgramBandCell.swift */; };
		48A54C771B56E6E60016010C /* ProgressView.swift in Sources */ = {isa = PBXBuildFile; fileRef = 48A54C761B56E6E60016010C /* ProgressView.swift */; };
		48A7FEE61BE4D2CC00A166EF /* natrucTests.swift in Sources */ = {isa = PBXBuildFile; fileRef = 48A7FEE51BE4D2CC00A166EF /* natrucTests.swift */; };
		48DE49781B52E3E3006D958A /* InfoImageCell.swift in Sources */ = {isa = PBXBuildFile; fileRef = 48DE49741B52E3E3006D958A /* InfoImageCell.swift */; };
		48DE49791B52E3E3006D958A /* InfoTextCell.swift in Sources */ = {isa = PBXBuildFile; fileRef = 48DE49751B52E3E3006D958A /* InfoTextCell.swift */; };
		48DE497A1B52E3E3006D958A /* InfoSubtitleCell.swift in Sources */ = {isa = PBXBuildFile; fileRef = 48DE49761B52E3E3006D958A /* InfoSubtitleCell.swift */; };
		48DE497B1B52E3E3006D958A /* InfoTitleCell.swift in Sources */ = {isa = PBXBuildFile; fileRef = 48DE49771B52E3E3006D958A /* InfoTitleCell.swift */; };
		48DE497D1B52E4FB006D958A /* InfoCell.swift in Sources */ = {isa = PBXBuildFile; fileRef = 48DE497C1B52E4FB006D958A /* InfoCell.swift */; };
		48F0AC401B5A33800001424B /* NavigationController.swift in Sources */ = {isa = PBXBuildFile; fileRef = 48F0AC3F1B5A33800001424B /* NavigationController.swift */; };
/* End PBXBuildFile section */

/* Begin PBXContainerItemProxy section */
		48A7FEE81BE4D2CC00A166EF /* PBXContainerItemProxy */ = {
			isa = PBXContainerItemProxy;
			containerPortal = 4836AFD51B47DFB70012914B /* Project object */;
			proxyType = 1;
			remoteGlobalIDString = 4836AFDC1B47DFB70012914B;
			remoteInfo = natruc;
		};
/* End PBXContainerItemProxy section */

/* Begin PBXCopyFilesBuildPhase section */
		48308DB11D2D410400978566 /* Embed Frameworks */ = {
			isa = PBXCopyFilesBuildPhase;
			buildActionMask = 2147483647;
			dstPath = "";
			dstSubfolderSpec = 10;
			files = (
				48308DB21D2D410A00978566 /* Nimble.framework in Embed Frameworks */,
				48308DB31D2D410A00978566 /* Quick.framework in Embed Frameworks */,
				48308DB41D2D410A00978566 /* SwiftyJSON.framework in Embed Frameworks */,
			);
			name = "Embed Frameworks";
			runOnlyForDeploymentPostprocessing = 0;
		};
/* End PBXCopyFilesBuildPhase section */

/* Begin PBXFileReference section */
		480801471B5C217500760566 /* NowViewModel.swift */ = {isa = PBXFileReference; fileEncoding = 4; lastKnownFileType = sourcecode.swift; path = NowViewModel.swift; sourceTree = "<group>"; };
		48164B641D4343CC006134CB /* arakain.jpg */ = {isa = PBXFileReference; lastKnownFileType = image.jpeg; path = arakain.jpg; sourceTree = "<group>"; };
		48164B651D4343CC006134CB /* atmomusic.jpg */ = {isa = PBXFileReference; lastKnownFileType = image.jpeg; path = atmomusic.jpg; sourceTree = "<group>"; };
		48164B661D4343CC006134CB /* basoxcrew.jpg */ = {isa = PBXFileReference; lastKnownFileType = image.jpeg; path = basoxcrew.jpg; sourceTree = "<group>"; };
		48164B671D4343CC006134CB /* blankout.jpg */ = {isa = PBXFileReference; lastKnownFileType = image.jpeg; path = blankout.jpg; sourceTree = "<group>"; };
		48164B681D4343CC006134CB /* brutalnijahoda.jpg */ = {isa = PBXFileReference; lastKnownFileType = image.jpeg; path = brutalnijahoda.jpg; sourceTree = "<group>"; };
		48164B691D4343CC006134CB /* chinashopbull.jpg */ = {isa = PBXFileReference; lastKnownFileType = image.jpeg; path = chinashopbull.jpg; sourceTree = "<group>"; };
		48164B6A1D4343CC006134CB /* danbarta.jpg */ = {isa = PBXFileReference; lastKnownFileType = image.jpeg; path = danbarta.jpg; sourceTree = "<group>"; };
		48164B6B1D4343CC006134CB /* fastfoodorchestra.jpg */ = {isa = PBXFileReference; lastKnownFileType = image.jpeg; path = fastfoodorchestra.jpg; sourceTree = "<group>"; };
		48164B6C1D4343CC006134CB /* hardtoframe.jpg */ = {isa = PBXFileReference; lastKnownFileType = image.jpeg; path = hardtoframe.jpg; sourceTree = "<group>"; };
		48164B6D1D4343CC006134CB /* hentaicorporation.jpg */ = {isa = PBXFileReference; lastKnownFileType = image.jpeg; path = hentaicorporation.jpg; sourceTree = "<group>"; };
		48164B6E1D4343CC006134CB /* insania.jpg */ = {isa = PBXFileReference; lastKnownFileType = image.jpeg; path = insania.jpg; sourceTree = "<group>"; };
		48164B6F1D4343CC006134CB /* k25a.jpg */ = {isa = PBXFileReference; lastKnownFileType = image.jpeg; path = k25a.jpg; sourceTree = "<group>"; };
		48164B701D4343CC006134CB /* killaflaw.jpg */ = {isa = PBXFileReference; lastKnownFileType = image.jpeg; path = killaflaw.jpg; sourceTree = "<group>"; };
		48164B711D4343CC006134CB /* kozicky.jpg */ = {isa = PBXFileReference; lastKnownFileType = image.jpeg; path = kozicky.jpg; sourceTree = "<group>"; };
		48164B721D4343CC006134CB /* krasnenovestroje.jpg */ = {isa = PBXFileReference; lastKnownFileType = image.jpeg; path = krasnenovestroje.jpg; sourceTree = "<group>"; };
		48164B731D4343CC006134CB /* mandrage.jpg */ = {isa = PBXFileReference; lastKnownFileType = image.jpeg; path = mandrage.jpg; sourceTree = "<group>"; };
		48164B741D4343CC006134CB /* mangabej.jpg */ = {isa = PBXFileReference; lastKnownFileType = image.jpeg; path = mangabej.jpg; sourceTree = "<group>"; };
		48164B751D4343CC006134CB /* michalmalatny.jpg */ = {isa = PBXFileReference; lastKnownFileType = image.jpeg; path = michalmalatny.jpg; sourceTree = "<group>"; };
		48164B761D4343CC006134CB /* nanosfera.jpg */ = {isa = PBXFileReference; lastKnownFileType = image.jpeg; path = nanosfera.jpg; sourceTree = "<group>"; };
		48164B771D4343CC006134CB /* pekar.jpg */ = {isa = PBXFileReference; lastKnownFileType = image.jpeg; path = pekar.jpg; sourceTree = "<group>"; };
		48164B781D4343CC006134CB /* pipesandpints.jpg */ = {isa = PBXFileReference; lastKnownFileType = image.jpeg; path = pipesandpints.jpg; sourceTree = "<group>"; };
		48164B791D4343CC006134CB /* psh.jpg */ = {isa = PBXFileReference; lastKnownFileType = image.jpeg; path = psh.jpg; sourceTree = "<group>"; };
		48164B7A1D4343CC006134CB /* rybicky48.jpg */ = {isa = PBXFileReference; lastKnownFileType = image.jpeg; path = rybicky48.jpg; sourceTree = "<group>"; };
		48164B7B1D4343CC006134CB /* sekjsibombonky.jpg */ = {isa = PBXFileReference; lastKnownFileType = image.jpeg; path = sekjsibombonky.jpg; sourceTree = "<group>"; };
		48164B7C1D4343CC006134CB /* silentscream.jpg */ = {isa = PBXFileReference; lastKnownFileType = image.jpeg; path = silentscream.jpg; sourceTree = "<group>"; };
		48164B7D1D4343CC006134CB /* stripesofglory.jpg */ = {isa = PBXFileReference; lastKnownFileType = image.jpeg; path = stripesofglory.jpg; sourceTree = "<group>"; };
		48164B7E1D4343CC006134CB /* tatabojs.jpg */ = {isa = PBXFileReference; lastKnownFileType = image.jpeg; path = tatabojs.jpg; sourceTree = "<group>"; };
		48164B7F1D4343CC006134CB /* theagony.jpg */ = {isa = PBXFileReference; lastKnownFileType = image.jpeg; path = theagony.jpg; sourceTree = "<group>"; };
		48164B801D4343CC006134CB /* vautour.jpg */ = {isa = PBXFileReference; lastKnownFileType = image.jpeg; path = vautour.jpg; sourceTree = "<group>"; };
		48164B811D4343CC006134CB /* vladimirmisik.jpg */ = {isa = PBXFileReference; lastKnownFileType = image.jpeg; path = vladimirmisik.jpg; sourceTree = "<group>"; };
		48308DAA1D2D40F000978566 /* SwiftyJSON.framework */ = {isa = PBXFileReference; lastKnownFileType = wrapper.framework; name = SwiftyJSON.framework; path = Carthage/Build/iOS/SwiftyJSON.framework; sourceTree = "<group>"; };
		48308DAC1D2D40F800978566 /* Nimble.framework */ = {isa = PBXFileReference; lastKnownFileType = wrapper.framework; name = Nimble.framework; path = Carthage/Build/iOS/Nimble.framework; sourceTree = "<group>"; };
		48308DAD1D2D40F800978566 /* Quick.framework */ = {isa = PBXFileReference; lastKnownFileType = wrapper.framework; name = Quick.framework; path = Carthage/Build/iOS/Quick.framework; sourceTree = "<group>"; };
		4835FA201B4955DA003FCE7F /* Natruc.swift */ = {isa = PBXFileReference; fileEncoding = 4; lastKnownFileType = sourcecode.swift; name = Natruc.swift; path = ../resources/Natruc.swift; sourceTree = "<group>"; };
		4836AFDD1B47DFB70012914B /* natruc.app */ = {isa = PBXFileReference; explicitFileType = wrapper.application; includeInIndex = 0; path = natruc.app; sourceTree = BUILT_PRODUCTS_DIR; };
		4836AFE11B47DFB70012914B /* Info.plist */ = {isa = PBXFileReference; lastKnownFileType = text.plist.xml; path = Info.plist; sourceTree = "<group>"; };
		4836AFE21B47DFB70012914B /* AppDelegate.swift */ = {isa = PBXFileReference; lastKnownFileType = sourcecode.swift; path = AppDelegate.swift; sourceTree = "<group>"; };
		4836AFE71B47DFB70012914B /* Base */ = {isa = PBXFileReference; lastKnownFileType = file.storyboard; name = Base; path = Base.lproj/Main.storyboard; sourceTree = "<group>"; };
		4836AFE91B47DFB70012914B /* Images.xcassets */ = {isa = PBXFileReference; lastKnownFileType = folder.assetcatalog; path = Images.xcassets; sourceTree = "<group>"; };
		4836AFEC1B47DFB70012914B /* Base */ = {isa = PBXFileReference; lastKnownFileType = file.xib; name = Base; path = Base.lproj/LaunchScreen.xib; sourceTree = "<group>"; };
		4836B0021B47E00E0012914B /* cs */ = {isa = PBXFileReference; lastKnownFileType = text.plist.strings; name = cs; path = cs.lproj/Main.strings; sourceTree = "<group>"; };
		4836B0031B47E00E0012914B /* cs */ = {isa = PBXFileReference; lastKnownFileType = text.plist.strings; name = cs; path = cs.lproj/LaunchScreen.strings; sourceTree = "<group>"; };
		4836B0051B47E0AF0012914B /* cs */ = {isa = PBXFileReference; lastKnownFileType = text.plist.strings; name = cs; path = cs.lproj/Localizable.strings; sourceTree = "<group>"; };
		4836B0071B47E3FC0012914B /* iTunesArtwork@2x */ = {isa = PBXFileReference; lastKnownFileType = file; path = "iTunesArtwork@2x"; sourceTree = "<group>"; };
		4836B0391B47EC9B0012914B /* en */ = {isa = PBXFileReference; lastKnownFileType = text.plist.strings; name = en; path = en.lproj/Localizable.strings; sourceTree = "<group>"; };
		4836B03A1B47ED6E0012914B /* NowViewController.swift */ = {isa = PBXFileReference; fileEncoding = 4; lastKnownFileType = sourcecode.swift; path = NowViewController.swift; sourceTree = "<group>"; };
		4836B03C1B47ED7F0012914B /* ProgramViewController.swift */ = {isa = PBXFileReference; fileEncoding = 4; lastKnownFileType = sourcecode.swift; path = ProgramViewController.swift; sourceTree = "<group>"; };
		4836B03E1B47ED8E0012914B /* DetailViewController.swift */ = {isa = PBXFileReference; fileEncoding = 4; lastKnownFileType = sourcecode.swift; path = DetailViewController.swift; sourceTree = "<group>"; };
		4836B0401B47ED9A0012914B /* MapViewController.swift */ = {isa = PBXFileReference; fileEncoding = 4; lastKnownFileType = sourcecode.swift; path = MapViewController.swift; sourceTree = "<group>"; };
		4836B0421B47EDA70012914B /* InfoViewController.swift */ = {isa = PBXFileReference; fileEncoding = 4; lastKnownFileType = sourcecode.swift; path = InfoViewController.swift; sourceTree = "<group>"; };
		485C2EA01D44FD5000BA8EEC /* Resource.swift */ = {isa = PBXFileReference; fileEncoding = 4; lastKnownFileType = sourcecode.swift; path = Resource.swift; sourceTree = "<group>"; };
		486092841B5BF71A0032A128 /* Model.swift */ = {isa = PBXFileReference; fileEncoding = 4; lastKnownFileType = sourcecode.swift; path = Model.swift; sourceTree = "<group>"; };
		487D4B4B1B59B48B00BDBB2B /* Components.swift */ = {isa = PBXFileReference; fileEncoding = 4; lastKnownFileType = sourcecode.swift; path = Components.swift; sourceTree = "<group>"; };
		4885D76D1B601DB600C76DE2 /* Timer.swift */ = {isa = PBXFileReference; fileEncoding = 4; lastKnownFileType = sourcecode.swift; path = Timer.swift; sourceTree = "<group>"; };
		489458C51B517B3100105A6B /* bands.json */ = {isa = PBXFileReference; fileEncoding = 4; lastKnownFileType = text.json; path = bands.json; sourceTree = "<group>"; };
		489458C71B517B3100105A6B /* info-mapka-autem.png */ = {isa = PBXFileReference; lastKnownFileType = image.png; path = "info-mapka-autem.png"; sourceTree = "<group>"; };
		489458C81B517B3100105A6B /* info-mapka-pesi.png */ = {isa = PBXFileReference; lastKnownFileType = image.png; path = "info-mapka-pesi.png"; sourceTree = "<group>"; };
		489458CB1B517B3100105A6B /* info.json */ = {isa = PBXFileReference; fileEncoding = 4; lastKnownFileType = text.json; path = info.json; sourceTree = "<group>"; };
		489458CC1B517B3100105A6B /* map.jpg */ = {isa = PBXFileReference; lastKnownFileType = image.jpeg; path = map.jpg; sourceTree = "<group>"; };
		489458CD1B517B3100105A6B /* versions.json */ = {isa = PBXFileReference; fileEncoding = 4; lastKnownFileType = text.json; path = versions.json; sourceTree = "<group>"; };
		489458D71B52D54300105A6B /* InfoViewModel.swift */ = {isa = PBXFileReference; fileEncoding = 4; lastKnownFileType = sourcecode.swift; path = InfoViewModel.swift; sourceTree = "<group>"; };
		489458D91B52D55E00105A6B /* InfoItem.swift */ = {isa = PBXFileReference; fileEncoding = 4; lastKnownFileType = sourcecode.swift; path = InfoItem.swift; sourceTree = "<group>"; };
		489776C21B5AECF000D81B50 /* ImageViewController.swift */ = {isa = PBXFileReference; fileEncoding = 4; lastKnownFileType = sourcecode.swift; path = ImageViewController.swift; sourceTree = "<group>"; };
		48A50CD81B5454D700586B94 /* ProgramItem.swift */ = {isa = PBXFileReference; fileEncoding = 4; lastKnownFileType = sourcecode.swift; path = ProgramItem.swift; sourceTree = "<group>"; };
		48A50CDA1B5454EB00586B94 /* ProgramViewModel.swift */ = {isa = PBXFileReference; fileEncoding = 4; lastKnownFileType = sourcecode.swift; path = ProgramViewModel.swift; sourceTree = "<group>"; };
		48A50CDC1B54550600586B94 /* ProgramCell.swift */ = {isa = PBXFileReference; fileEncoding = 4; lastKnownFileType = sourcecode.swift; path = ProgramCell.swift; sourceTree = "<group>"; };
		48A50CDE1B54551500586B94 /* ProgramStageCell.swift */ = {isa = PBXFileReference; fileEncoding = 4; lastKnownFileType = sourcecode.swift; path = ProgramStageCell.swift; sourceTree = "<group>"; };
		48A50CE01B54552200586B94 /* ProgramBandCell.swift */ = {isa = PBXFileReference; fileEncoding = 4; lastKnownFileType = sourcecode.swift; path = ProgramBandCell.swift; sourceTree = "<group>"; };
		48A54C761B56E6E60016010C /* ProgressView.swift */ = {isa = PBXFileReference; fileEncoding = 4; lastKnownFileType = sourcecode.swift; path = ProgressView.swift; sourceTree = "<group>"; };
		48A7FEE31BE4D2CC00A166EF /* natrucTests.xctest */ = {isa = PBXFileReference; explicitFileType = wrapper.cfbundle; includeInIndex = 0; path = natrucTests.xctest; sourceTree = BUILT_PRODUCTS_DIR; };
		48A7FEE51BE4D2CC00A166EF /* natrucTests.swift */ = {isa = PBXFileReference; lastKnownFileType = sourcecode.swift; path = natrucTests.swift; sourceTree = "<group>"; };
		48A7FEE71BE4D2CC00A166EF /* Info.plist */ = {isa = PBXFileReference; lastKnownFileType = text.plist.xml; path = Info.plist; sourceTree = "<group>"; };
		48DE49741B52E3E3006D958A /* InfoImageCell.swift */ = {isa = PBXFileReference; fileEncoding = 4; lastKnownFileType = sourcecode.swift; path = InfoImageCell.swift; sourceTree = "<group>"; };
		48DE49751B52E3E3006D958A /* InfoTextCell.swift */ = {isa = PBXFileReference; fileEncoding = 4; lastKnownFileType = sourcecode.swift; path = InfoTextCell.swift; sourceTree = "<group>"; };
		48DE49761B52E3E3006D958A /* InfoSubtitleCell.swift */ = {isa = PBXFileReference; fileEncoding = 4; lastKnownFileType = sourcecode.swift; path = InfoSubtitleCell.swift; sourceTree = "<group>"; };
		48DE49771B52E3E3006D958A /* InfoTitleCell.swift */ = {isa = PBXFileReference; fileEncoding = 4; lastKnownFileType = sourcecode.swift; path = InfoTitleCell.swift; sourceTree = "<group>"; };
		48DE497C1B52E4FB006D958A /* InfoCell.swift */ = {isa = PBXFileReference; fileEncoding = 4; lastKnownFileType = sourcecode.swift; path = InfoCell.swift; sourceTree = "<group>"; };
		48F0AC3F1B5A33800001424B /* NavigationController.swift */ = {isa = PBXFileReference; fileEncoding = 4; lastKnownFileType = sourcecode.swift; path = NavigationController.swift; sourceTree = "<group>"; };
/* End PBXFileReference section */

/* Begin PBXFrameworksBuildPhase section */
		4836AFDA1B47DFB70012914B /* Frameworks */ = {
			isa = PBXFrameworksBuildPhase;
			buildActionMask = 2147483647;
			files = (
				48308DAB1D2D40F000978566 /* SwiftyJSON.framework in Frameworks */,
			);
			runOnlyForDeploymentPostprocessing = 0;
		};
		48A7FEE01BE4D2CC00A166EF /* Frameworks */ = {
			isa = PBXFrameworksBuildPhase;
			buildActionMask = 2147483647;
			files = (
				48308DAF1D2D40F800978566 /* Quick.framework in Frameworks */,
				48308DAE1D2D40F800978566 /* Nimble.framework in Frameworks */,
				48308DB01D2D40FB00978566 /* SwiftyJSON.framework in Frameworks */,
			);
			runOnlyForDeploymentPostprocessing = 0;
		};
/* End PBXFrameworksBuildPhase section */

/* Begin PBXGroup section */
		4836AFD41B47DFB70012914B = {
			isa = PBXGroup;
			children = (
				4836AFDF1B47DFB70012914B /* natruc */,
				48A7FEE41BE4D2CC00A166EF /* natrucTests */,
				483CB53E1B6C05BD008D7332 /* Frameworks */,
				4836AFDE1B47DFB70012914B /* Products */,
			);
			sourceTree = "<group>";
		};
		4836AFDE1B47DFB70012914B /* Products */ = {
			isa = PBXGroup;
			children = (
				4836AFDD1B47DFB70012914B /* natruc.app */,
				48A7FEE31BE4D2CC00A166EF /* natrucTests.xctest */,
			);
			name = Products;
			sourceTree = "<group>";
		};
		4836AFDF1B47DFB70012914B /* natruc */ = {
			isa = PBXGroup;
			children = (
				489458C41B517B3100105A6B /* data */,
				487D4B4B1B59B48B00BDBB2B /* Components.swift */,
				4836AFE21B47DFB70012914B /* AppDelegate.swift */,
				48F0AC3F1B5A33800001424B /* NavigationController.swift */,
				485C2E9F1D44FD3500BA8EEC /* Model */,
				4885D76D1B601DB600C76DE2 /* Timer.swift */,
				48A50CD71B54545500586B94 /* Program */,
				489776C21B5AECF000D81B50 /* ImageViewController.swift */,
				4836B0401B47ED9A0012914B /* MapViewController.swift */,
				489458D61B52D52500105A6B /* Info */,
				4835FA201B4955DA003FCE7F /* Natruc.swift */,
				4836AFE61B47DFB70012914B /* Main.storyboard */,
				4836AFEB1B47DFB70012914B /* LaunchScreen.xib */,
				4836B0041B47E0AF0012914B /* Localizable.strings */,
				4836AFE91B47DFB70012914B /* Images.xcassets */,
				4836AFE01B47DFB70012914B /* Supporting Files */,
			);
			path = natruc;
			sourceTree = "<group>";
		};
		4836AFE01B47DFB70012914B /* Supporting Files */ = {
			isa = PBXGroup;
			children = (
				4836B0071B47E3FC0012914B /* iTunesArtwork@2x */,
				4836AFE11B47DFB70012914B /* Info.plist */,
			);
			name = "Supporting Files";
			sourceTree = "<group>";
		};
		483CB53E1B6C05BD008D7332 /* Frameworks */ = {
			isa = PBXGroup;
			children = (
				48308DAC1D2D40F800978566 /* Nimble.framework */,
				48308DAD1D2D40F800978566 /* Quick.framework */,
				48308DAA1D2D40F000978566 /* SwiftyJSON.framework */,
			);
			name = Frameworks;
			sourceTree = "<group>";
		};
		485C2E9F1D44FD3500BA8EEC /* Model */ = {
			isa = PBXGroup;
			children = (
				486092841B5BF71A0032A128 /* Model.swift */,
				485C2EA01D44FD5000BA8EEC /* Resource.swift */,
			);
			name = Model;
			sourceTree = "<group>";
		};
		489458C41B517B3100105A6B /* data */ = {
			isa = PBXGroup;
			children = (
				489458C51B517B3100105A6B /* bands.json */,
				489458C61B517B3100105A6B /* images */,
				489458CB1B517B3100105A6B /* info.json */,
				489458CC1B517B3100105A6B /* map.jpg */,
				489458CD1B517B3100105A6B /* versions.json */,
			);
			path = data;
			sourceTree = SOURCE_ROOT;
		};
		489458C61B517B3100105A6B /* images */ = {
			isa = PBXGroup;
			children = (
				48164B641D4343CC006134CB /* arakain.jpg */,
				48164B651D4343CC006134CB /* atmomusic.jpg */,
				48164B661D4343CC006134CB /* basoxcrew.jpg */,
				48164B671D4343CC006134CB /* blankout.jpg */,
				48164B681D4343CC006134CB /* brutalnijahoda.jpg */,
				48164B691D4343CC006134CB /* chinashopbull.jpg */,
				48164B6A1D4343CC006134CB /* danbarta.jpg */,
				48164B6B1D4343CC006134CB /* fastfoodorchestra.jpg */,
				48164B6C1D4343CC006134CB /* hardtoframe.jpg */,
				48164B6D1D4343CC006134CB /* hentaicorporation.jpg */,
				48164B6E1D4343CC006134CB /* insania.jpg */,
				48164B6F1D4343CC006134CB /* k25a.jpg */,
				48164B701D4343CC006134CB /* killaflaw.jpg */,
				48164B711D4343CC006134CB /* kozicky.jpg */,
				48164B721D4343CC006134CB /* krasnenovestroje.jpg */,
				48164B731D4343CC006134CB /* mandrage.jpg */,
				48164B741D4343CC006134CB /* mangabej.jpg */,
				48164B751D4343CC006134CB /* michalmalatny.jpg */,
				48164B761D4343CC006134CB /* nanosfera.jpg */,
				48164B771D4343CC006134CB /* pekar.jpg */,
				48164B781D4343CC006134CB /* pipesandpints.jpg */,
				48164B791D4343CC006134CB /* psh.jpg */,
				48164B7A1D4343CC006134CB /* rybicky48.jpg */,
				48164B7B1D4343CC006134CB /* sekjsibombonky.jpg */,
				48164B7C1D4343CC006134CB /* silentscream.jpg */,
				48164B7D1D4343CC006134CB /* stripesofglory.jpg */,
				48164B7E1D4343CC006134CB /* tatabojs.jpg */,
				48164B7F1D4343CC006134CB /* theagony.jpg */,
				48164B801D4343CC006134CB /* vautour.jpg */,
				48164B811D4343CC006134CB /* vladimirmisik.jpg */,
				489458C71B517B3100105A6B /* info-mapka-autem.png */,
				489458C81B517B3100105A6B /* info-mapka-pesi.png */,
			);
			path = images;
			sourceTree = "<group>";
		};
		489458D61B52D52500105A6B /* Info */ = {
			isa = PBXGroup;
			children = (
				4836B0421B47EDA70012914B /* InfoViewController.swift */,
				489458D71B52D54300105A6B /* InfoViewModel.swift */,
				489458D91B52D55E00105A6B /* InfoItem.swift */,
				48DE497C1B52E4FB006D958A /* InfoCell.swift */,
				48DE49771B52E3E3006D958A /* InfoTitleCell.swift */,
				48DE49761B52E3E3006D958A /* InfoSubtitleCell.swift */,
				48DE49751B52E3E3006D958A /* InfoTextCell.swift */,
				48DE49741B52E3E3006D958A /* InfoImageCell.swift */,
			);
			name = Info;
			sourceTree = "<group>";
		};
		48A50CD71B54545500586B94 /* Program */ = {
			isa = PBXGroup;
			children = (
				4836B03A1B47ED6E0012914B /* NowViewController.swift */,
				480801471B5C217500760566 /* NowViewModel.swift */,
				4836B03C1B47ED7F0012914B /* ProgramViewController.swift */,
				48A50CDA1B5454EB00586B94 /* ProgramViewModel.swift */,
				4836B03E1B47ED8E0012914B /* DetailViewController.swift */,
				48A50CD81B5454D700586B94 /* ProgramItem.swift */,
				48A50CDC1B54550600586B94 /* ProgramCell.swift */,
				48A50CDE1B54551500586B94 /* ProgramStageCell.swift */,
				48A50CE01B54552200586B94 /* ProgramBandCell.swift */,
				48A54C761B56E6E60016010C /* ProgressView.swift */,
			);
			name = Program;
			sourceTree = "<group>";
		};
		48A7FEE41BE4D2CC00A166EF /* natrucTests */ = {
			isa = PBXGroup;
			children = (
				48A7FEE51BE4D2CC00A166EF /* natrucTests.swift */,
				48A7FEE71BE4D2CC00A166EF /* Info.plist */,
			);
			path = natrucTests;
			sourceTree = "<group>";
		};
/* End PBXGroup section */

/* Begin PBXNativeTarget section */
		4836AFDC1B47DFB70012914B /* natruc */ = {
			isa = PBXNativeTarget;
			buildConfigurationList = 4836AFFC1B47DFB70012914B /* Build configuration list for PBXNativeTarget "natruc" */;
			buildPhases = (
				4836AFD91B47DFB70012914B /* Sources */,
				4836AFDA1B47DFB70012914B /* Frameworks */,
				4836AFDB1B47DFB70012914B /* Resources */,
				48308DB51D2D411A00978566 /* Embed Frameworks - Carthage */,
			);
			buildRules = (
			);
			dependencies = (
			);
			name = natruc;
			productName = natruc;
			productReference = 4836AFDD1B47DFB70012914B /* natruc.app */;
			productType = "com.apple.product-type.application";
		};
		48A7FEE21BE4D2CC00A166EF /* natrucTests */ = {
			isa = PBXNativeTarget;
			buildConfigurationList = 48A7FEEC1BE4D2CC00A166EF /* Build configuration list for PBXNativeTarget "natrucTests" */;
			buildPhases = (
				48A7FEDF1BE4D2CC00A166EF /* Sources */,
				48A7FEE01BE4D2CC00A166EF /* Frameworks */,
				48A7FEE11BE4D2CC00A166EF /* Resources */,
				48308DB11D2D410400978566 /* Embed Frameworks */,
			);
			buildRules = (
			);
			dependencies = (
				48A7FEE91BE4D2CC00A166EF /* PBXTargetDependency */,
			);
			name = natrucTests;
			productName = natrucTests;
			productReference = 48A7FEE31BE4D2CC00A166EF /* natrucTests.xctest */;
			productType = "com.apple.product-type.bundle.unit-test";
		};
/* End PBXNativeTarget section */

/* Begin PBXProject section */
		4836AFD51B47DFB70012914B /* Project object */ = {
			isa = PBXProject;
			attributes = {
				LastSwiftMigration = 0700;
				LastSwiftUpdateCheck = 0710;
				LastUpgradeCheck = 0700;
				ORGANIZATIONNAME = "Jiri Dutkevic";
				TargetAttributes = {
					4836AFDC1B47DFB70012914B = {
						CreatedOnToolsVersion = 6.4;
					};
					48A7FEE21BE4D2CC00A166EF = {
						CreatedOnToolsVersion = 7.1;
						TestTargetID = 4836AFDC1B47DFB70012914B;
					};
				};
			};
			buildConfigurationList = 4836AFD81B47DFB70012914B /* Build configuration list for PBXProject "natruc" */;
			compatibilityVersion = "Xcode 3.2";
			developmentRegion = English;
			hasScannedForEncodings = 0;
			knownRegions = (
				Base,
				cs,
				en,
			);
			mainGroup = 4836AFD41B47DFB70012914B;
			productRefGroup = 4836AFDE1B47DFB70012914B /* Products */;
			projectDirPath = "";
			projectRoot = "";
			targets = (
				4836AFDC1B47DFB70012914B /* natruc */,
				48A7FEE21BE4D2CC00A166EF /* natrucTests */,
			);
		};
/* End PBXProject section */

/* Begin PBXResourcesBuildPhase section */
		4836AFDB1B47DFB70012914B /* Resources */ = {
			isa = PBXResourcesBuildPhase;
			buildActionMask = 2147483647;
			files = (
				48164B901D4343CC006134CB /* krasnenovestroje.jpg in Resources */,
				48164B9C1D4343CC006134CB /* tatabojs.jpg in Resources */,
				48164B951D4343CC006134CB /* pekar.jpg in Resources */,
				48164B961D4343CC006134CB /* pipesandpints.jpg in Resources */,
				48164B831D4343CC006134CB /* atmomusic.jpg in Resources */,
				48164B8C1D4343CC006134CB /* insania.jpg in Resources */,
				489458D41B517B3100105A6B /* map.jpg in Resources */,
				48164B821D4343CC006134CB /* arakain.jpg in Resources */,
				489458CF1B517B3100105A6B /* info-mapka-autem.png in Resources */,
				48164B991D4343CC006134CB /* sekjsibombonky.jpg in Resources */,
				4836B0081B47E3FC0012914B /* iTunesArtwork@2x in Resources */,
				48164B9B1D4343CC006134CB /* stripesofglory.jpg in Resources */,
				48164B971D4343CC006134CB /* psh.jpg in Resources */,
				48164B871D4343CC006134CB /* chinashopbull.jpg in Resources */,
				489458D31B517B3100105A6B /* info.json in Resources */,
				48164B851D4343CC006134CB /* blankout.jpg in Resources */,
				48164B931D4343CC006134CB /* michalmalatny.jpg in Resources */,
				4836AFE81B47DFB70012914B /* Main.storyboard in Resources */,
				48164B891D4343CC006134CB /* fastfoodorchestra.jpg in Resources */,
				48164B8F1D4343CC006134CB /* kozicky.jpg in Resources */,
				4836B0061B47E0AF0012914B /* Localizable.strings in Resources */,
				48164B8D1D4343CC006134CB /* k25a.jpg in Resources */,
				48164B881D4343CC006134CB /* danbarta.jpg in Resources */,
				48164B941D4343CC006134CB /* nanosfera.jpg in Resources */,
				48164B9E1D4343CC006134CB /* vautour.jpg in Resources */,
				48164B921D4343CC006134CB /* mangabej.jpg in Resources */,
				48164B861D4343CC006134CB /* brutalnijahoda.jpg in Resources */,
				489458D51B517B3100105A6B /* versions.json in Resources */,
				4836AFED1B47DFB70012914B /* LaunchScreen.xib in Resources */,
				48164B8A1D4343CC006134CB /* hardtoframe.jpg in Resources */,
				48164B841D4343CC006134CB /* basoxcrew.jpg in Resources */,
				48164B911D4343CC006134CB /* mandrage.jpg in Resources */,
				48164B9F1D4343CC006134CB /* vladimirmisik.jpg in Resources */,
				48164B9A1D4343CC006134CB /* silentscream.jpg in Resources */,
				48164B8E1D4343CC006134CB /* killaflaw.jpg in Resources */,
				48164B8B1D4343CC006134CB /* hentaicorporation.jpg in Resources */,
				489458CE1B517B3100105A6B /* bands.json in Resources */,
				48164B9D1D4343CC006134CB /* theagony.jpg in Resources */,
				48164B981D4343CC006134CB /* rybicky48.jpg in Resources */,
				4836AFEA1B47DFB70012914B /* Images.xcassets in Resources */,
				489458D01B517B3100105A6B /* info-mapka-pesi.png in Resources */,
			);
			runOnlyForDeploymentPostprocessing = 0;
		};
		48A7FEE11BE4D2CC00A166EF /* Resources */ = {
			isa = PBXResourcesBuildPhase;
			buildActionMask = 2147483647;
			files = (
			);
			runOnlyForDeploymentPostprocessing = 0;
		};
/* End PBXResourcesBuildPhase section */

/* Begin PBXShellScriptBuildPhase section */
		48308DB51D2D411A00978566 /* Embed Frameworks - Carthage */ = {
			isa = PBXShellScriptBuildPhase;
			buildActionMask = 2147483647;
			files = (
			);
			inputPaths = (
				"$(SRCROOT)/Carthage/Build/iOS/SwiftyJSON.framework",
			);
			name = "Embed Frameworks - Carthage";
			outputPaths = (
			);
			runOnlyForDeploymentPostprocessing = 0;
			shellPath = /bin/sh;
			shellScript = "/usr/local/bin/carthage copy-frameworks";
		};
/* End PBXShellScriptBuildPhase section */

/* Begin PBXSourcesBuildPhase section */
		4836AFD91B47DFB70012914B /* Sources */ = {
			isa = PBXSourcesBuildPhase;
			buildActionMask = 2147483647;
			files = (
				4836AFE31B47DFB70012914B /* AppDelegate.swift in Sources */,
				4835FA211B4955DA003FCE7F /* Natruc.swift in Sources */,
				48A50CD91B5454D700586B94 /* ProgramItem.swift in Sources */,
				48A50CDD1B54550600586B94 /* ProgramCell.swift in Sources */,
				4836B03B1B47ED6E0012914B /* NowViewController.swift in Sources */,
				4836B03D1B47ED7F0012914B /* ProgramViewController.swift in Sources */,
				489776C31B5AECF000D81B50 /* ImageViewController.swift in Sources */,
				48DE49781B52E3E3006D958A /* InfoImageCell.swift in Sources */,
				48DE497B1B52E3E3006D958A /* InfoTitleCell.swift in Sources */,
				48DE49791B52E3E3006D958A /* InfoTextCell.swift in Sources */,
				489458D81B52D54300105A6B /* InfoViewModel.swift in Sources */,
				48A54C771B56E6E60016010C /* ProgressView.swift in Sources */,
				489458DA1B52D55E00105A6B /* InfoItem.swift in Sources */,
				487D4B4C1B59B48B00BDBB2B /* Components.swift in Sources */,
				48A50CDF1B54551500586B94 /* ProgramStageCell.swift in Sources */,
				486092851B5BF71A0032A128 /* Model.swift in Sources */,
				480801481B5C217500760566 /* NowViewModel.swift in Sources */,
				4885D76E1B601DB600C76DE2 /* Timer.swift in Sources */,
				485C2EA11D44FD5000BA8EEC /* Resource.swift in Sources */,
				48F0AC401B5A33800001424B /* NavigationController.swift in Sources */,
				48A50CE11B54552200586B94 /* ProgramBandCell.swift in Sources */,
				48A50CDB1B5454EB00586B94 /* ProgramViewModel.swift in Sources */,
				4836B0411B47ED9A0012914B /* MapViewController.swift in Sources */,
				4836B0431B47EDA70012914B /* InfoViewController.swift in Sources */,
				48DE497A1B52E3E3006D958A /* InfoSubtitleCell.swift in Sources */,
				4836B03F1B47ED8E0012914B /* DetailViewController.swift in Sources */,
				48DE497D1B52E4FB006D958A /* InfoCell.swift in Sources */,
			);
			runOnlyForDeploymentPostprocessing = 0;
		};
		48A7FEDF1BE4D2CC00A166EF /* Sources */ = {
			isa = PBXSourcesBuildPhase;
			buildActionMask = 2147483647;
			files = (
				48A7FEE61BE4D2CC00A166EF /* natrucTests.swift in Sources */,
			);
			runOnlyForDeploymentPostprocessing = 0;
		};
/* End PBXSourcesBuildPhase section */

/* Begin PBXTargetDependency section */
		48A7FEE91BE4D2CC00A166EF /* PBXTargetDependency */ = {
			isa = PBXTargetDependency;
			target = 4836AFDC1B47DFB70012914B /* natruc */;
			targetProxy = 48A7FEE81BE4D2CC00A166EF /* PBXContainerItemProxy */;
		};
/* End PBXTargetDependency section */

/* Begin PBXVariantGroup section */
		4836AFE61B47DFB70012914B /* Main.storyboard */ = {
			isa = PBXVariantGroup;
			children = (
				4836AFE71B47DFB70012914B /* Base */,
				4836B0021B47E00E0012914B /* cs */,
			);
			name = Main.storyboard;
			sourceTree = "<group>";
		};
		4836AFEB1B47DFB70012914B /* LaunchScreen.xib */ = {
			isa = PBXVariantGroup;
			children = (
				4836AFEC1B47DFB70012914B /* Base */,
				4836B0031B47E00E0012914B /* cs */,
			);
			name = LaunchScreen.xib;
			sourceTree = "<group>";
		};
		4836B0041B47E0AF0012914B /* Localizable.strings */ = {
			isa = PBXVariantGroup;
			children = (
				4836B0051B47E0AF0012914B /* cs */,
				4836B0391B47EC9B0012914B /* en */,
			);
			name = Localizable.strings;
			sourceTree = "<group>";
		};
/* End PBXVariantGroup section */

/* Begin XCBuildConfiguration section */
		4836AFFA1B47DFB70012914B /* Debug */ = {
			isa = XCBuildConfiguration;
			buildSettings = {
				ALWAYS_SEARCH_USER_PATHS = NO;
				CLANG_CXX_LANGUAGE_STANDARD = "gnu++0x";
				CLANG_CXX_LIBRARY = "libc++";
				CLANG_ENABLE_MODULES = YES;
				CLANG_ENABLE_OBJC_ARC = YES;
				CLANG_WARN_BOOL_CONVERSION = YES;
				CLANG_WARN_CONSTANT_CONVERSION = YES;
				CLANG_WARN_DIRECT_OBJC_ISA_USAGE = YES_ERROR;
				CLANG_WARN_EMPTY_BODY = YES;
				CLANG_WARN_ENUM_CONVERSION = YES;
				CLANG_WARN_INT_CONVERSION = YES;
				CLANG_WARN_OBJC_ROOT_CLASS = YES_ERROR;
				CLANG_WARN_UNREACHABLE_CODE = YES;
				CLANG_WARN__DUPLICATE_METHOD_MATCH = YES;
				"CODE_SIGN_IDENTITY[sdk=iphoneos*]" = "iPhone Developer";
				COPY_PHASE_STRIP = NO;
				DEBUG_INFORMATION_FORMAT = "dwarf-with-dsym";
				ENABLE_STRICT_OBJC_MSGSEND = YES;
				ENABLE_TESTABILITY = YES;
				GCC_C_LANGUAGE_STANDARD = gnu99;
				GCC_DYNAMIC_NO_PIC = NO;
				GCC_NO_COMMON_BLOCKS = YES;
				GCC_OPTIMIZATION_LEVEL = 0;
				GCC_PREPROCESSOR_DEFINITIONS = (
					"DEBUG=1",
					"$(inherited)",
				);
				GCC_SYMBOLS_PRIVATE_EXTERN = NO;
				GCC_WARN_64_TO_32_BIT_CONVERSION = YES;
				GCC_WARN_ABOUT_RETURN_TYPE = YES_ERROR;
				GCC_WARN_UNDECLARED_SELECTOR = YES;
				GCC_WARN_UNINITIALIZED_AUTOS = YES_AGGRESSIVE;
				GCC_WARN_UNUSED_FUNCTION = YES;
				GCC_WARN_UNUSED_VARIABLE = YES;
				IPHONEOS_DEPLOYMENT_TARGET = 8.0;
				MTL_ENABLE_DEBUG_INFO = YES;
				ONLY_ACTIVE_ARCH = YES;
				SDKROOT = iphoneos;
				SWIFT_OPTIMIZATION_LEVEL = "-Onone";
			};
			name = Debug;
		};
		4836AFFB1B47DFB70012914B /* Release */ = {
			isa = XCBuildConfiguration;
			buildSettings = {
				ALWAYS_SEARCH_USER_PATHS = NO;
				CLANG_CXX_LANGUAGE_STANDARD = "gnu++0x";
				CLANG_CXX_LIBRARY = "libc++";
				CLANG_ENABLE_MODULES = YES;
				CLANG_ENABLE_OBJC_ARC = YES;
				CLANG_WARN_BOOL_CONVERSION = YES;
				CLANG_WARN_CONSTANT_CONVERSION = YES;
				CLANG_WARN_DIRECT_OBJC_ISA_USAGE = YES_ERROR;
				CLANG_WARN_EMPTY_BODY = YES;
				CLANG_WARN_ENUM_CONVERSION = YES;
				CLANG_WARN_INT_CONVERSION = YES;
				CLANG_WARN_OBJC_ROOT_CLASS = YES_ERROR;
				CLANG_WARN_UNREACHABLE_CODE = YES;
				CLANG_WARN__DUPLICATE_METHOD_MATCH = YES;
				"CODE_SIGN_IDENTITY[sdk=iphoneos*]" = "iPhone Developer";
				COPY_PHASE_STRIP = NO;
				DEBUG_INFORMATION_FORMAT = "dwarf-with-dsym";
				ENABLE_NS_ASSERTIONS = NO;
				ENABLE_STRICT_OBJC_MSGSEND = YES;
				GCC_C_LANGUAGE_STANDARD = gnu99;
				GCC_NO_COMMON_BLOCKS = YES;
				GCC_WARN_64_TO_32_BIT_CONVERSION = YES;
				GCC_WARN_ABOUT_RETURN_TYPE = YES_ERROR;
				GCC_WARN_UNDECLARED_SELECTOR = YES;
				GCC_WARN_UNINITIALIZED_AUTOS = YES_AGGRESSIVE;
				GCC_WARN_UNUSED_FUNCTION = YES;
				GCC_WARN_UNUSED_VARIABLE = YES;
				IPHONEOS_DEPLOYMENT_TARGET = 8.0;
				MTL_ENABLE_DEBUG_INFO = NO;
				SDKROOT = iphoneos;
				VALIDATE_PRODUCT = YES;
			};
			name = Release;
		};
		4836AFFD1B47DFB70012914B /* Debug */ = {
			isa = XCBuildConfiguration;
			buildSettings = {
				ASSETCATALOG_COMPILER_APPICON_NAME = AppIcon;
				FRAMEWORK_SEARCH_PATHS = (
					"$(inherited)",
					"$(PROJECT_DIR)/Carthage/Build/iOS",
				);
				INFOPLIST_FILE = natruc/Info.plist;
				LD_RUNPATH_SEARCH_PATHS = "$(inherited) @executable_path/Frameworks";
				PRODUCT_BUNDLE_IDENTIFIER = eu.natruc.iosapp;
				PRODUCT_NAME = "$(TARGET_NAME)";
			};
			name = Debug;
		};
		4836AFFE1B47DFB70012914B /* Release */ = {
			isa = XCBuildConfiguration;
			buildSettings = {
				ASSETCATALOG_COMPILER_APPICON_NAME = AppIcon;
				FRAMEWORK_SEARCH_PATHS = (
					"$(inherited)",
					"$(PROJECT_DIR)/Carthage/Build/iOS",
				);
				INFOPLIST_FILE = natruc/Info.plist;
				LD_RUNPATH_SEARCH_PATHS = "$(inherited) @executable_path/Frameworks";
				PRODUCT_BUNDLE_IDENTIFIER = eu.natruc.iosapp;
				PRODUCT_NAME = "$(TARGET_NAME)";
			};
			name = Release;
		};
		48A7FEEA1BE4D2CC00A166EF /* Debug */ = {
			isa = XCBuildConfiguration;
			buildSettings = {
				BUNDLE_LOADER = "$(TEST_HOST)";
				DEBUG_INFORMATION_FORMAT = dwarf;
				FRAMEWORK_SEARCH_PATHS = (
					"$(inherited)",
					"$(PROJECT_DIR)/Carthage/Build/iOS",
				);
				INFOPLIST_FILE = natrucTests/Info.plist;
				IPHONEOS_DEPLOYMENT_TARGET = 9.1;
				LD_RUNPATH_SEARCH_PATHS = "$(inherited) @executable_path/Frameworks @loader_path/Frameworks";
				PRODUCT_BUNDLE_IDENTIFIER = com.dutkevic.natrucTests;
				PRODUCT_NAME = "$(TARGET_NAME)";
				TEST_HOST = "$(BUILT_PRODUCTS_DIR)/natruc.app/natruc";
			};
			name = Debug;
		};
		48A7FEEB1BE4D2CC00A166EF /* Release */ = {
			isa = XCBuildConfiguration;
			buildSettings = {
				BUNDLE_LOADER = "$(TEST_HOST)";
				FRAMEWORK_SEARCH_PATHS = (
					"$(inherited)",
					"$(PROJECT_DIR)/Carthage/Build/iOS",
				);
				INFOPLIST_FILE = natrucTests/Info.plist;
				IPHONEOS_DEPLOYMENT_TARGET = 9.1;
				LD_RUNPATH_SEARCH_PATHS = "$(inherited) @executable_path/Frameworks @loader_path/Frameworks";
				PRODUCT_BUNDLE_IDENTIFIER = com.dutkevic.natrucTests;
				PRODUCT_NAME = "$(TARGET_NAME)";
				TEST_HOST = "$(BUILT_PRODUCTS_DIR)/natruc.app/natruc";
			};
			name = Release;
		};
/* End XCBuildConfiguration section */

/* Begin XCConfigurationList section */
		4836AFD81B47DFB70012914B /* Build configuration list for PBXProject "natruc" */ = {
			isa = XCConfigurationList;
			buildConfigurations = (
				4836AFFA1B47DFB70012914B /* Debug */,
				4836AFFB1B47DFB70012914B /* Release */,
			);
			defaultConfigurationIsVisible = 0;
			defaultConfigurationName = Release;
		};
		4836AFFC1B47DFB70012914B /* Build configuration list for PBXNativeTarget "natruc" */ = {
			isa = XCConfigurationList;
			buildConfigurations = (
				4836AFFD1B47DFB70012914B /* Debug */,
				4836AFFE1B47DFB70012914B /* Release */,
			);
			defaultConfigurationIsVisible = 0;
			defaultConfigurationName = Release;
		};
		48A7FEEC1BE4D2CC00A166EF /* Build configuration list for PBXNativeTarget "natrucTests" */ = {
			isa = XCConfigurationList;
			buildConfigurations = (
				48A7FEEA1BE4D2CC00A166EF /* Debug */,
				48A7FEEB1BE4D2CC00A166EF /* Release */,
			);
			defaultConfigurationIsVisible = 0;
			defaultConfigurationName = Release;
		};
/* End XCConfigurationList section */
	};
	rootObject = 4836AFD51B47DFB70012914B /* Project object */;
}
